// !$*UTF8*$!
{
	archiveVersion = 1;
	classes = {
	};
	objectVersion = 46;
	objects = {

/* Begin PBXBuildFile section */
		402FC56219ED2E8D006D7A86 /* MSONSectionProcessor.h in Headers */ = {isa = PBXBuildFile; fileRef = 402FC56119ED2E8D006D7A86 /* MSONSectionProcessor.h */; };
		4056BE0B19EE98C5003AC26C /* test-Signature.cc in Sources */ = {isa = PBXBuildFile; fileRef = 4056BE0A19EE98C5003AC26C /* test-Signature.cc */; };
		4070F30419E4C30A004892C8 /* BlueprintSourcemap.h in Headers */ = {isa = PBXBuildFile; fileRef = 4070F30119E4C30A004892C8 /* BlueprintSourcemap.h */; };
		4070F30519E4C30A004892C8 /* CBlueprintSourcemap.cc in Sources */ = {isa = PBXBuildFile; fileRef = 4070F30219E4C30A004892C8 /* CBlueprintSourcemap.cc */; };
		4070F30619E4C30A004892C8 /* CBlueprintSourcemap.h in Headers */ = {isa = PBXBuildFile; fileRef = 4070F30319E4C30A004892C8 /* CBlueprintSourcemap.h */; };
		40A1EE0B19EC0A0B00DB894A /* MSON.h in Headers */ = {isa = PBXBuildFile; fileRef = 40A1EE0A19EC0A0B00DB894A /* MSON.h */; };
		BB05B9D81804493500243E1B /* perf-snowcrash.cc in Sources */ = {isa = PBXBuildFile; fileRef = BB05B9D71804493500243E1B /* perf-snowcrash.cc */; };
		BB05B9D918044C8200243E1B /* libsnowcrash.a in Frameworks */ = {isa = PBXBuildFile; fileRef = BBFF4898170B34E6001E5FB2 /* libsnowcrash.a */; };
		BB088F78192D7901003AA95C /* SectionParserData.h in Headers */ = {isa = PBXBuildFile; fileRef = BB088F77192D7901003AA95C /* SectionParserData.h */; };
		BB4D8E57172D15CA0024EB04 /* libsnowcrash.a in Frameworks */ = {isa = PBXBuildFile; fileRef = BBFF4898170B34E6001E5FB2 /* libsnowcrash.a */; };
		BB65939117845C2D00321230 /* RegexMatch.cc in Sources */ = {isa = PBXBuildFile; fileRef = BBB0F4271731CE0D00C92465 /* RegexMatch.cc */; };
		BB8C3E631923D6FE00EF36FA /* SectionParser.h in Headers */ = {isa = PBXBuildFile; fileRef = BB8C3E621923D6FE00EF36FA /* SectionParser.h */; };
		BB8C3E651923D83C00EF36FA /* Section.h in Headers */ = {isa = PBXBuildFile; fileRef = BB8C3E641923D83C00EF36FA /* Section.h */; };
		BB8C3E661923EB3F00EF36FA /* test-AssetParser.cc in Sources */ = {isa = PBXBuildFile; fileRef = BB3DD974174654FD004C4077 /* test-AssetParser.cc */; };
		BB8C3E6F1923F07300EF36FA /* libsnowcrash.a in Frameworks */ = {isa = PBXBuildFile; fileRef = BBFF4898170B34E6001E5FB2 /* libsnowcrash.a */; };
		BB8C3E711923F09900EF36FA /* libmarkdownparser.a in Frameworks */ = {isa = PBXBuildFile; fileRef = BB8C3E701923F09900EF36FA /* libmarkdownparser.a */; };
		BB8C3E7419241C1600EF36FA /* Section.cc in Sources */ = {isa = PBXBuildFile; fileRef = BB8C3E7319241C1600EF36FA /* Section.cc */; };
		BB92D891178EF7C10098A63C /* HTTP.cc in Sources */ = {isa = PBXBuildFile; fileRef = BB92D890178EF7C10098A63C /* HTTP.cc */; };
		BBA25671172BFEB800C1AD5E /* snowcrash.cc in Sources */ = {isa = PBXBuildFile; fileRef = BBA25670172BFEB800C1AD5E /* snowcrash.cc */; };
		BBA35FB7199C359300B7C726 /* libmarkdownparser.a in Frameworks */ = {isa = PBXBuildFile; fileRef = BB8C3E701923F09900EF36FA /* libmarkdownparser.a */; };
		BBA35FB8199C35A300B7C726 /* libmarkdownparser.a in Frameworks */ = {isa = PBXBuildFile; fileRef = BB8C3E701923F09900EF36FA /* libmarkdownparser.a */; };
		BBA91DC2171D402600649B05 /* BlueprintParser.h in Headers */ = {isa = PBXBuildFile; fileRef = BBA91DC0171D402600649B05 /* BlueprintParser.h */; };
		BBB0F42A1731CE0D00C92465 /* RegexMatch.h in Headers */ = {isa = PBXBuildFile; fileRef = BBB0F4281731CE0D00C92465 /* RegexMatch.h */; };
		BBB127881999700E0041E9AE /* test-ResourceGroupParser.cc in Sources */ = {isa = PBXBuildFile; fileRef = BBB127871999700E0041E9AE /* test-ResourceGroupParser.cc */; };
		BBB127891999702B0041E9AE /* test-BlueprintParser.cc in Sources */ = {isa = PBXBuildFile; fileRef = BBA01FF817292F9C0050B603 /* test-BlueprintParser.cc */; };
		BBB1278A1999702E0041E9AE /* test-csnowcrash.cc in Sources */ = {isa = PBXBuildFile; fileRef = BBFC8421196C0C27001A236A /* test-csnowcrash.cc */; };
		BBB1278B199970350041E9AE /* test-Indentation.cc in Sources */ = {isa = PBXBuildFile; fileRef = BB45781D182326EE00D0293A /* test-Indentation.cc */; };
		BBB1278C199970A80041E9AE /* test-SymbolIdentifier.cc in Sources */ = {isa = PBXBuildFile; fileRef = BBCC04E518A51AA800C65A08 /* test-SymbolIdentifier.cc */; };
		BBB1278D199970AB0041E9AE /* test-SymbolTable.cc in Sources */ = {isa = PBXBuildFile; fileRef = BB1865C81764DB8A00756B18 /* test-SymbolTable.cc */; };
		BBB1278E199970B20041E9AE /* test-Warnings.cc in Sources */ = {isa = PBXBuildFile; fileRef = BB9E7029183342CB00ED5806 /* test-Warnings.cc */; };
		BBC2D85F18301FEC00FBCEA7 /* CodeBlockUtility.h in Headers */ = {isa = PBXBuildFile; fileRef = BBC2D85E18301FEC00FBCEA7 /* CodeBlockUtility.h */; };
		BBCC855E19542DA100B99E90 /* ParameterParser.h in Headers */ = {isa = PBXBuildFile; fileRef = BBCC855C19542DA100B99E90 /* ParameterParser.h */; };
		BBCC855F19542DA100B99E90 /* ValuesParser.h in Headers */ = {isa = PBXBuildFile; fileRef = BBCC855D19542DA100B99E90 /* ValuesParser.h */; };
		BBCC856219542DB300B99E90 /* test-ParameterParser.cc in Sources */ = {isa = PBXBuildFile; fileRef = BBCC856019542DB300B99E90 /* test-ParameterParser.cc */; };
		BBCC856319542DB300B99E90 /* test-ValuesParser.cc in Sources */ = {isa = PBXBuildFile; fileRef = BBCC856119542DB300B99E90 /* test-ValuesParser.cc */; };
		BBCC856419542E5100B99E90 /* test-ParametersParser.cc in Sources */ = {isa = PBXBuildFile; fileRef = BB03DC6517D3718D00C51E52 /* test-ParametersParser.cc */; };
		BBCC856519542E5600B99E90 /* test-PayloadParser.cc in Sources */ = {isa = PBXBuildFile; fileRef = BBE5705C173922B70086CE22 /* test-PayloadParser.cc */; };
		BBCC856719543A4D00B99E90 /* test-SectionParser.cc in Sources */ = {isa = PBXBuildFile; fileRef = BBCC856619543A4D00B99E90 /* test-SectionParser.cc */; };
		BBCC856919545FCE00B99E90 /* Signature.cc in Sources */ = {isa = PBXBuildFile; fileRef = BBCC856819545FCE00B99E90 /* Signature.cc */; };
		BBCEF19218FBF7B000A0FA24 /* Version.h in Headers */ = {isa = PBXBuildFile; fileRef = BBCEF19118FBF7B000A0FA24 /* Version.h */; };
		BBD5F9C917353C310049BBEE /* ResourceGroupParser.h in Headers */ = {isa = PBXBuildFile; fileRef = BBD5F9C717353C300049BBEE /* ResourceGroupParser.h */; };
		BBD5F9CE17353CE00049BBEE /* ResourceParser.h in Headers */ = {isa = PBXBuildFile; fileRef = BBD5F9CC17353CE00049BBEE /* ResourceParser.h */; };
		BBD73564192ED417009FE09E /* HeadersParser.h in Headers */ = {isa = PBXBuildFile; fileRef = BBD73563192ED417009FE09E /* HeadersParser.h */; };
		BBD73566192ED45D009FE09E /* test-HeadersParser.cc in Sources */ = {isa = PBXBuildFile; fileRef = BBD73565192ED45D009FE09E /* test-HeadersParser.cc */; };
		BBE53561174132B100BCA7AD /* Serialize.h in Headers */ = {isa = PBXBuildFile; fileRef = BBE5355B174132B100BCA7AD /* Serialize.h */; };
		BBE53562174132B100BCA7AD /* SerializeJSON.h in Headers */ = {isa = PBXBuildFile; fileRef = BBE5355C174132B100BCA7AD /* SerializeJSON.h */; };
		BBE53563174132B100BCA7AD /* SerializeYAML.h in Headers */ = {isa = PBXBuildFile; fileRef = BBE5355D174132B100BCA7AD /* SerializeYAML.h */; };
		BBE53564174132B100BCA7AD /* Serialize.cc in Sources */ = {isa = PBXBuildFile; fileRef = BBE5355E174132B100BCA7AD /* Serialize.cc */; };
		BBE53565174132B100BCA7AD /* SerializeJSON.cc in Sources */ = {isa = PBXBuildFile; fileRef = BBE5355F174132B100BCA7AD /* SerializeJSON.cc */; };
		BBE53566174132B100BCA7AD /* SerializeYAML.cc in Sources */ = {isa = PBXBuildFile; fileRef = BBE53560174132B100BCA7AD /* SerializeYAML.cc */; };
		BBE57061173927870086CE22 /* PayloadParser.h in Headers */ = {isa = PBXBuildFile; fileRef = BBE5705F173927870086CE22 /* PayloadParser.h */; };
		BBE7FEBE1922CAF300A1649E /* test-Blueprint.cc in Sources */ = {isa = PBXBuildFile; fileRef = BBFF48D7170C57F1001E5FB2 /* test-Blueprint.cc */; };
		BBFC8418196C0C0F001A236A /* CBlueprint.cc in Sources */ = {isa = PBXBuildFile; fileRef = BBFC840F196C0C0F001A236A /* CBlueprint.cc */; };
		BBFC8419196C0C0F001A236A /* CBlueprint.h in Headers */ = {isa = PBXBuildFile; fileRef = BBFC8410196C0C0F001A236A /* CBlueprint.h */; };
		BBFC841A196C0C0F001A236A /* csnowcrash.cc in Sources */ = {isa = PBXBuildFile; fileRef = BBFC8411196C0C0F001A236A /* csnowcrash.cc */; };
		BBFC841B196C0C0F001A236A /* csnowcrash.h in Headers */ = {isa = PBXBuildFile; fileRef = BBFC8412196C0C0F001A236A /* csnowcrash.h */; };
		BBFC841C196C0C0F001A236A /* CSourceAnnotation.cc in Sources */ = {isa = PBXBuildFile; fileRef = BBFC8413196C0C0F001A236A /* CSourceAnnotation.cc */; };
		BBFC841D196C0C0F001A236A /* CSourceAnnotation.h in Headers */ = {isa = PBXBuildFile; fileRef = BBFC8414196C0C0F001A236A /* CSourceAnnotation.h */; };
		BBFC841F196C0C0F001A236A /* UriTemplateParser.cc in Sources */ = {isa = PBXBuildFile; fileRef = BBFC8416196C0C0F001A236A /* UriTemplateParser.cc */; };
		BBFC8420196C0C0F001A236A /* UriTemplateParser.h in Headers */ = {isa = PBXBuildFile; fileRef = BBFC8417196C0C0F001A236A /* UriTemplateParser.h */; };
		BBFC8424196C0C27001A236A /* test-UriTemplateParser.cc in Sources */ = {isa = PBXBuildFile; fileRef = BBFC8422196C0C27001A236A /* test-UriTemplateParser.cc */; };
		BBFC8425196C1AD4001A236A /* test-ActionParser.cc in Sources */ = {isa = PBXBuildFile; fileRef = BB50F0BC17D1DC9B0002C363 /* test-ActionParser.cc */; };
		BBFC8426196C1AFD001A236A /* test-RegexMatch.cc in Sources */ = {isa = PBXBuildFile; fileRef = BBB0F42B1731D04900C92465 /* test-RegexMatch.cc */; };
		BBFC8427196C1B1F001A236A /* test-ResourceParser.cc in Sources */ = {isa = PBXBuildFile; fileRef = BBD5F9DD173578210049BBEE /* test-ResourceParser.cc */; };
		BBFC842A196C1B2B001A236A /* test-snowcrash.cc in Sources */ = {isa = PBXBuildFile; fileRef = BBFF48C9170B3C49001E5FB2 /* test-snowcrash.cc */; };
		BBFCD83A19DAEE240073813C /* cmdline.h in Headers */ = {isa = PBXBuildFile; fileRef = BBFCD83919DAEE240073813C /* cmdline.h */; };
		BBFF48CD170B3EDE001E5FB2 /* snowcrash.cc in Sources */ = {isa = PBXBuildFile; fileRef = BBFF48CC170B3EDE001E5FB2 /* snowcrash.cc */; };
		BBFF48D2170B4224001E5FB2 /* snowcrash.h in Headers */ = {isa = PBXBuildFile; fileRef = BBFF48D1170B4224001E5FB2 /* snowcrash.h */; };
		BBFF48D6170C4F30001E5FB2 /* Blueprint.h in Headers */ = {isa = PBXBuildFile; fileRef = BBFF48D4170C4F30001E5FB2 /* Blueprint.h */; };
/* End PBXBuildFile section */

/* Begin PBXContainerItemProxy section */
		BB4D8E55172D15AA0024EB04 /* PBXContainerItemProxy */ = {
			isa = PBXContainerItemProxy;
			containerPortal = BBFF4890170B34E6001E5FB2 /* Project object */;
			proxyType = 1;
			remoteGlobalIDString = BBFF4897170B34E6001E5FB2;
			remoteInfo = libsnowcrash;
		};
		BB8C3E6D1923F06E00EF36FA /* PBXContainerItemProxy */ = {
			isa = PBXContainerItemProxy;
			containerPortal = BBFF4890170B34E6001E5FB2 /* Project object */;
			proxyType = 1;
			remoteGlobalIDString = BBFF4897170B34E6001E5FB2;
			remoteInfo = libsnowcrash;
		};
		BBA35FB5199C34E600B7C726 /* PBXContainerItemProxy */ = {
			isa = PBXContainerItemProxy;
			containerPortal = BBFF4890170B34E6001E5FB2 /* Project object */;
			proxyType = 1;
			remoteGlobalIDString = BBFF4897170B34E6001E5FB2;
			remoteInfo = libsnowcrash;
		};
/* End PBXContainerItemProxy section */

/* Begin PBXCopyFilesBuildPhase section */
		BB05B9CC180448E300243E1B /* CopyFiles */ = {
			isa = PBXCopyFilesBuildPhase;
			buildActionMask = 2147483647;
			dstPath = /usr/share/man/man1/;
			dstSubfolderSpec = 0;
			files = (
			);
			runOnlyForDeploymentPostprocessing = 1;
		};
		BBA25665172BFE4C00C1AD5E /* CopyFiles */ = {
			isa = PBXCopyFilesBuildPhase;
			buildActionMask = 2147483647;
			dstPath = /usr/share/man/man1/;
			dstSubfolderSpec = 0;
			files = (
			);
			runOnlyForDeploymentPostprocessing = 1;
		};
		BBFF48BE170B3C30001E5FB2 /* CopyFiles */ = {
			isa = PBXCopyFilesBuildPhase;
			buildActionMask = 2147483647;
			dstPath = /usr/share/man/man1/;
			dstSubfolderSpec = 0;
			files = (
			);
			runOnlyForDeploymentPostprocessing = 1;
		};
/* End PBXCopyFilesBuildPhase section */

/* Begin PBXFileReference section */
		402FC56119ED2E8D006D7A86 /* MSONSectionProcessor.h */ = {isa = PBXFileReference; fileEncoding = 4; lastKnownFileType = sourcecode.c.h; name = MSONSectionProcessor.h; path = src/MSONSectionProcessor.h; sourceTree = "<group>"; };
		4056BE0A19EE98C5003AC26C /* test-Signature.cc */ = {isa = PBXFileReference; fileEncoding = 4; lastKnownFileType = sourcecode.cpp.cpp; name = "test-Signature.cc"; path = "test/test-Signature.cc"; sourceTree = "<group>"; };
		4070F30119E4C30A004892C8 /* BlueprintSourcemap.h */ = {isa = PBXFileReference; fileEncoding = 4; lastKnownFileType = sourcecode.c.h; name = BlueprintSourcemap.h; path = src/BlueprintSourcemap.h; sourceTree = "<group>"; };
		4070F30219E4C30A004892C8 /* CBlueprintSourcemap.cc */ = {isa = PBXFileReference; fileEncoding = 4; lastKnownFileType = sourcecode.cpp.cpp; name = CBlueprintSourcemap.cc; path = src/CBlueprintSourcemap.cc; sourceTree = "<group>"; };
		4070F30319E4C30A004892C8 /* CBlueprintSourcemap.h */ = {isa = PBXFileReference; fileEncoding = 4; lastKnownFileType = sourcecode.c.h; name = CBlueprintSourcemap.h; path = src/CBlueprintSourcemap.h; sourceTree = "<group>"; };
		40A1EE0A19EC0A0B00DB894A /* MSON.h */ = {isa = PBXFileReference; fileEncoding = 4; lastKnownFileType = sourcecode.c.h; name = MSON.h; path = src/MSON.h; sourceTree = "<group>"; };
		BB03DC6417D3717B00C51E52 /* ParametersParser.h */ = {isa = PBXFileReference; lastKnownFileType = sourcecode.c.h; lineEnding = 0; name = ParametersParser.h; path = src/ParametersParser.h; sourceTree = "<group>"; xcLanguageSpecificationIdentifier = xcode.lang.objcpp; };
		BB03DC6517D3718D00C51E52 /* test-ParametersParser.cc */ = {isa = PBXFileReference; fileEncoding = 4; lastKnownFileType = sourcecode.cpp.cpp; name = "test-ParametersParser.cc"; path = "test/test-ParametersParser.cc"; sourceTree = "<group>"; };
		BB05B9CE180448E300243E1B /* perf-libsnowcrash */ = {isa = PBXFileReference; explicitFileType = "compiled.mach-o.executable"; includeInIndex = 0; path = "perf-libsnowcrash"; sourceTree = BUILT_PRODUCTS_DIR; };
		BB05B9D71804493500243E1B /* perf-snowcrash.cc */ = {isa = PBXFileReference; fileEncoding = 4; lastKnownFileType = sourcecode.cpp.cpp; name = "perf-snowcrash.cc"; path = "test/performance/perf-snowcrash.cc"; sourceTree = SOURCE_ROOT; };
		BB0793BE1782C773005BB7CC /* Platform.h */ = {isa = PBXFileReference; lastKnownFileType = sourcecode.c.h; name = Platform.h; path = src/Platform.h; sourceTree = "<group>"; };
		BB088F76192D289C003AA95C /* snowcrashtest.h */ = {isa = PBXFileReference; fileEncoding = 4; lastKnownFileType = sourcecode.c.h; lineEnding = 0; name = snowcrashtest.h; path = test/snowcrashtest.h; sourceTree = "<group>"; xcLanguageSpecificationIdentifier = xcode.lang.objcpp; };
		BB088F77192D7901003AA95C /* SectionParserData.h */ = {isa = PBXFileReference; fileEncoding = 4; lastKnownFileType = sourcecode.c.h; name = SectionParserData.h; path = src/SectionParserData.h; sourceTree = "<group>"; };
		BB1865C71764D67B00756B18 /* SymbolTable.h */ = {isa = PBXFileReference; lastKnownFileType = sourcecode.c.h; lineEnding = 0; name = SymbolTable.h; path = src/SymbolTable.h; sourceTree = "<group>"; xcLanguageSpecificationIdentifier = xcode.lang.objcpp; };
		BB1865C81764DB8A00756B18 /* test-SymbolTable.cc */ = {isa = PBXFileReference; fileEncoding = 4; lastKnownFileType = sourcecode.cpp.cpp; name = "test-SymbolTable.cc"; path = "test/test-SymbolTable.cc"; sourceTree = "<group>"; };
		BB3DD973174654B8004C4077 /* AssetParser.h */ = {isa = PBXFileReference; lastKnownFileType = sourcecode.c.h; lineEnding = 0; name = AssetParser.h; path = src/AssetParser.h; sourceTree = "<group>"; xcLanguageSpecificationIdentifier = xcode.lang.objcpp; };
		BB3DD974174654FD004C4077 /* test-AssetParser.cc */ = {isa = PBXFileReference; fileEncoding = 4; lastKnownFileType = sourcecode.cpp.cpp; name = "test-AssetParser.cc"; path = "test/test-AssetParser.cc"; sourceTree = "<group>"; };
		BB45781D182326EE00D0293A /* test-Indentation.cc */ = {isa = PBXFileReference; fileEncoding = 4; lastKnownFileType = sourcecode.cpp.cpp; name = "test-Indentation.cc"; path = "test/test-Indentation.cc"; sourceTree = "<group>"; };
		BB50F0BB17D1DB4D0002C363 /* ActionParser.h */ = {isa = PBXFileReference; lastKnownFileType = sourcecode.c.h; lineEnding = 0; name = ActionParser.h; path = src/ActionParser.h; sourceTree = "<group>"; xcLanguageSpecificationIdentifier = xcode.lang.objcpp; };
		BB50F0BC17D1DC9B0002C363 /* test-ActionParser.cc */ = {isa = PBXFileReference; lastKnownFileType = sourcecode.cpp.cpp; lineEnding = 0; name = "test-ActionParser.cc"; path = "test/test-ActionParser.cc"; sourceTree = "<group>"; xcLanguageSpecificationIdentifier = xcode.lang.cpp; };
		BB6A9A7F17904C7300B2F283 /* SourceAnnotation.h */ = {isa = PBXFileReference; lastKnownFileType = sourcecode.c.h; lineEnding = 0; name = SourceAnnotation.h; path = src/SourceAnnotation.h; sourceTree = "<group>"; xcLanguageSpecificationIdentifier = xcode.lang.objcpp; };
		BB8C3E611923D45700EF36FA /* SectionProcessor.h */ = {isa = PBXFileReference; lastKnownFileType = sourcecode.c.h; lineEnding = 0; name = SectionProcessor.h; path = src/SectionProcessor.h; sourceTree = "<group>"; xcLanguageSpecificationIdentifier = xcode.lang.objcpp; };
		BB8C3E621923D6FE00EF36FA /* SectionParser.h */ = {isa = PBXFileReference; fileEncoding = 4; lastKnownFileType = sourcecode.c.h; lineEnding = 0; name = SectionParser.h; path = src/SectionParser.h; sourceTree = "<group>"; xcLanguageSpecificationIdentifier = xcode.lang.objcpp; };
		BB8C3E641923D83C00EF36FA /* Section.h */ = {isa = PBXFileReference; fileEncoding = 4; lastKnownFileType = sourcecode.c.h; name = Section.h; path = src/Section.h; sourceTree = "<group>"; };
		BB8C3E701923F09900EF36FA /* libmarkdownparser.a */ = {isa = PBXFileReference; lastKnownFileType = archive.ar; name = libmarkdownparser.a; path = "../../../Library/Developer/Xcode/DerivedData/snowcrash-etyympsdikhephgzkvczxkaprkpp/Build/Products/Debug/libmarkdownparser.a"; sourceTree = "<group>"; };
		BB8C3E721924192600EF36FA /* Signature.h */ = {isa = PBXFileReference; lastKnownFileType = sourcecode.c.h; name = Signature.h; path = src/Signature.h; sourceTree = "<group>"; };
		BB8C3E7319241C1600EF36FA /* Section.cc */ = {isa = PBXFileReference; fileEncoding = 4; lastKnownFileType = sourcecode.cpp.cpp; name = Section.cc; path = src/Section.cc; sourceTree = "<group>"; };
		BB92D88F178EF4160098A63C /* HTTP.h */ = {isa = PBXFileReference; lastKnownFileType = sourcecode.c.h; name = HTTP.h; path = src/HTTP.h; sourceTree = "<group>"; };
		BB92D890178EF7C10098A63C /* HTTP.cc */ = {isa = PBXFileReference; fileEncoding = 4; lastKnownFileType = sourcecode.cpp.cpp; name = HTTP.cc; path = src/HTTP.cc; sourceTree = "<group>"; };
		BB92D892178EFA370098A63C /* BlueprintUtility.h */ = {isa = PBXFileReference; lastKnownFileType = sourcecode.c.h; lineEnding = 0; name = BlueprintUtility.h; path = src/BlueprintUtility.h; sourceTree = "<group>"; xcLanguageSpecificationIdentifier = xcode.lang.objcpp; };
		BB9E7029183342CB00ED5806 /* test-Warnings.cc */ = {isa = PBXFileReference; fileEncoding = 4; lastKnownFileType = sourcecode.cpp.cpp; name = "test-Warnings.cc"; path = "test/test-Warnings.cc"; sourceTree = "<group>"; };
		BBA01FF817292F9C0050B603 /* test-BlueprintParser.cc */ = {isa = PBXFileReference; fileEncoding = 4; lastKnownFileType = sourcecode.cpp.cpp; lineEnding = 0; name = "test-BlueprintParser.cc"; path = "test/test-BlueprintParser.cc"; sourceTree = "<group>"; xcLanguageSpecificationIdentifier = xcode.lang.cpp; };
		BBA25667172BFE4C00C1AD5E /* snowcrash */ = {isa = PBXFileReference; explicitFileType = "compiled.mach-o.executable"; includeInIndex = 0; path = snowcrash; sourceTree = BUILT_PRODUCTS_DIR; };
		BBA25670172BFEB800C1AD5E /* snowcrash.cc */ = {isa = PBXFileReference; fileEncoding = 4; lastKnownFileType = sourcecode.cpp.cpp; lineEnding = 0; name = snowcrash.cc; path = src/snowcrash/snowcrash.cc; sourceTree = SOURCE_ROOT; xcLanguageSpecificationIdentifier = xcode.lang.cpp; };
		BBA91DC0171D402600649B05 /* BlueprintParser.h */ = {isa = PBXFileReference; fileEncoding = 4; lastKnownFileType = sourcecode.c.h; lineEnding = 0; name = BlueprintParser.h; path = src/BlueprintParser.h; sourceTree = "<group>"; xcLanguageSpecificationIdentifier = xcode.lang.objcpp; };
		BBB0F4271731CE0D00C92465 /* RegexMatch.cc */ = {isa = PBXFileReference; fileEncoding = 4; lastKnownFileType = sourcecode.cpp.cpp; name = RegexMatch.cc; path = src/posix/RegexMatch.cc; sourceTree = "<group>"; };
		BBB0F4281731CE0D00C92465 /* RegexMatch.h */ = {isa = PBXFileReference; fileEncoding = 4; lastKnownFileType = sourcecode.c.h; name = RegexMatch.h; path = src/RegexMatch.h; sourceTree = "<group>"; };
		BBB0F42B1731D04900C92465 /* test-RegexMatch.cc */ = {isa = PBXFileReference; fileEncoding = 4; lastKnownFileType = sourcecode.cpp.cpp; name = "test-RegexMatch.cc"; path = "test/test-RegexMatch.cc"; sourceTree = "<group>"; };
		BBB127871999700E0041E9AE /* test-ResourceGroupParser.cc */ = {isa = PBXFileReference; fileEncoding = 4; lastKnownFileType = sourcecode.cpp.cpp; name = "test-ResourceGroupParser.cc"; path = "test/test-ResourceGroupParser.cc"; sourceTree = "<group>"; };
		BBB2A226173EA77A0020C1CE /* StringUtility.h */ = {isa = PBXFileReference; lastKnownFileType = sourcecode.c.h; name = StringUtility.h; path = src/StringUtility.h; sourceTree = "<group>"; };
		BBC2D85E18301FEC00FBCEA7 /* CodeBlockUtility.h */ = {isa = PBXFileReference; fileEncoding = 4; lastKnownFileType = sourcecode.c.h; name = CodeBlockUtility.h; path = src/CodeBlockUtility.h; sourceTree = "<group>"; };
		BBCC04E518A51AA800C65A08 /* test-SymbolIdentifier.cc */ = {isa = PBXFileReference; fileEncoding = 4; lastKnownFileType = sourcecode.cpp.cpp; name = "test-SymbolIdentifier.cc"; path = "test/test-SymbolIdentifier.cc"; sourceTree = "<group>"; };
		BBCC855C19542DA100B99E90 /* ParameterParser.h */ = {isa = PBXFileReference; fileEncoding = 4; lastKnownFileType = sourcecode.c.h; lineEnding = 0; name = ParameterParser.h; path = src/ParameterParser.h; sourceTree = "<group>"; xcLanguageSpecificationIdentifier = xcode.lang.objcpp; };
		BBCC855D19542DA100B99E90 /* ValuesParser.h */ = {isa = PBXFileReference; fileEncoding = 4; lastKnownFileType = sourcecode.c.h; lineEnding = 0; name = ValuesParser.h; path = src/ValuesParser.h; sourceTree = "<group>"; xcLanguageSpecificationIdentifier = xcode.lang.objcpp; };
		BBCC856019542DB300B99E90 /* test-ParameterParser.cc */ = {isa = PBXFileReference; fileEncoding = 4; lastKnownFileType = sourcecode.cpp.cpp; name = "test-ParameterParser.cc"; path = "test/test-ParameterParser.cc"; sourceTree = "<group>"; };
		BBCC856119542DB300B99E90 /* test-ValuesParser.cc */ = {isa = PBXFileReference; fileEncoding = 4; lastKnownFileType = sourcecode.cpp.cpp; name = "test-ValuesParser.cc"; path = "test/test-ValuesParser.cc"; sourceTree = "<group>"; };
		BBCC856619543A4D00B99E90 /* test-SectionParser.cc */ = {isa = PBXFileReference; fileEncoding = 4; lastKnownFileType = sourcecode.cpp.cpp; name = "test-SectionParser.cc"; path = "test/test-SectionParser.cc"; sourceTree = "<group>"; };
		BBCC856819545FCE00B99E90 /* Signature.cc */ = {isa = PBXFileReference; fileEncoding = 4; lastKnownFileType = sourcecode.cpp.cpp; name = Signature.cc; path = src/Signature.cc; sourceTree = "<group>"; };
		BBCEF19118FBF7B000A0FA24 /* Version.h */ = {isa = PBXFileReference; fileEncoding = 4; lastKnownFileType = sourcecode.c.h; name = Version.h; path = src/Version.h; sourceTree = "<group>"; };
		BBD5F9C717353C300049BBEE /* ResourceGroupParser.h */ = {isa = PBXFileReference; fileEncoding = 4; lastKnownFileType = sourcecode.c.h; lineEnding = 0; name = ResourceGroupParser.h; path = src/ResourceGroupParser.h; sourceTree = "<group>"; xcLanguageSpecificationIdentifier = xcode.lang.objcpp; };
		BBD5F9CC17353CE00049BBEE /* ResourceParser.h */ = {isa = PBXFileReference; fileEncoding = 4; lastKnownFileType = sourcecode.c.h; lineEnding = 0; name = ResourceParser.h; path = src/ResourceParser.h; sourceTree = "<group>"; xcLanguageSpecificationIdentifier = xcode.lang.objcpp; };
		BBD5F9DD173578210049BBEE /* test-ResourceParser.cc */ = {isa = PBXFileReference; fileEncoding = 4; lastKnownFileType = sourcecode.cpp.cpp; lineEnding = 0; name = "test-ResourceParser.cc"; path = "test/test-ResourceParser.cc"; sourceTree = "<group>"; xcLanguageSpecificationIdentifier = xcode.lang.cpp; };
		BBD73563192ED417009FE09E /* HeadersParser.h */ = {isa = PBXFileReference; fileEncoding = 4; lastKnownFileType = sourcecode.c.h; lineEnding = 0; name = HeadersParser.h; path = src/HeadersParser.h; sourceTree = "<group>"; xcLanguageSpecificationIdentifier = xcode.lang.objcpp; };
		BBD73565192ED45D009FE09E /* test-HeadersParser.cc */ = {isa = PBXFileReference; fileEncoding = 4; lastKnownFileType = sourcecode.cpp.cpp; name = "test-HeadersParser.cc"; path = "test/test-HeadersParser.cc"; sourceTree = "<group>"; };
		BBE5355B174132B100BCA7AD /* Serialize.h */ = {isa = PBXFileReference; fileEncoding = 4; lastKnownFileType = sourcecode.c.h; name = Serialize.h; path = src/Serialize.h; sourceTree = "<group>"; };
		BBE5355C174132B100BCA7AD /* SerializeJSON.h */ = {isa = PBXFileReference; fileEncoding = 4; lastKnownFileType = sourcecode.c.h; name = SerializeJSON.h; path = src/SerializeJSON.h; sourceTree = "<group>"; };
		BBE5355D174132B100BCA7AD /* SerializeYAML.h */ = {isa = PBXFileReference; fileEncoding = 4; lastKnownFileType = sourcecode.c.h; name = SerializeYAML.h; path = src/SerializeYAML.h; sourceTree = "<group>"; };
		BBE5355E174132B100BCA7AD /* Serialize.cc */ = {isa = PBXFileReference; fileEncoding = 4; lastKnownFileType = sourcecode.cpp.cpp; name = Serialize.cc; path = src/Serialize.cc; sourceTree = "<group>"; };
		BBE5355F174132B100BCA7AD /* SerializeJSON.cc */ = {isa = PBXFileReference; fileEncoding = 4; lastKnownFileType = sourcecode.cpp.cpp; lineEnding = 0; name = SerializeJSON.cc; path = src/SerializeJSON.cc; sourceTree = "<group>"; xcLanguageSpecificationIdentifier = xcode.lang.cpp; };
		BBE53560174132B100BCA7AD /* SerializeYAML.cc */ = {isa = PBXFileReference; fileEncoding = 4; lastKnownFileType = sourcecode.cpp.cpp; lineEnding = 0; name = SerializeYAML.cc; path = src/SerializeYAML.cc; sourceTree = "<group>"; xcLanguageSpecificationIdentifier = xcode.lang.cpp; };
		BBE5705C173922B70086CE22 /* test-PayloadParser.cc */ = {isa = PBXFileReference; fileEncoding = 4; lastKnownFileType = sourcecode.cpp.cpp; name = "test-PayloadParser.cc"; path = "test/test-PayloadParser.cc"; sourceTree = "<group>"; };
		BBE5705F173927870086CE22 /* PayloadParser.h */ = {isa = PBXFileReference; fileEncoding = 4; lastKnownFileType = sourcecode.c.h; lineEnding = 0; name = PayloadParser.h; path = src/PayloadParser.h; sourceTree = "<group>"; xcLanguageSpecificationIdentifier = xcode.lang.objcpp; };
		BBFC840F196C0C0F001A236A /* CBlueprint.cc */ = {isa = PBXFileReference; fileEncoding = 4; lastKnownFileType = sourcecode.cpp.cpp; name = CBlueprint.cc; path = src/CBlueprint.cc; sourceTree = "<group>"; };
		BBFC8410196C0C0F001A236A /* CBlueprint.h */ = {isa = PBXFileReference; fileEncoding = 4; lastKnownFileType = sourcecode.c.h; name = CBlueprint.h; path = src/CBlueprint.h; sourceTree = "<group>"; };
		BBFC8411196C0C0F001A236A /* csnowcrash.cc */ = {isa = PBXFileReference; fileEncoding = 4; lastKnownFileType = sourcecode.cpp.cpp; name = csnowcrash.cc; path = src/csnowcrash.cc; sourceTree = "<group>"; };
		BBFC8412196C0C0F001A236A /* csnowcrash.h */ = {isa = PBXFileReference; fileEncoding = 4; lastKnownFileType = sourcecode.c.h; name = csnowcrash.h; path = src/csnowcrash.h; sourceTree = "<group>"; };
		BBFC8413196C0C0F001A236A /* CSourceAnnotation.cc */ = {isa = PBXFileReference; fileEncoding = 4; lastKnownFileType = sourcecode.cpp.cpp; name = CSourceAnnotation.cc; path = src/CSourceAnnotation.cc; sourceTree = "<group>"; };
		BBFC8414196C0C0F001A236A /* CSourceAnnotation.h */ = {isa = PBXFileReference; fileEncoding = 4; lastKnownFileType = sourcecode.c.h; name = CSourceAnnotation.h; path = src/CSourceAnnotation.h; sourceTree = "<group>"; };
		BBFC8416196C0C0F001A236A /* UriTemplateParser.cc */ = {isa = PBXFileReference; fileEncoding = 4; lastKnownFileType = sourcecode.cpp.cpp; name = UriTemplateParser.cc; path = src/UriTemplateParser.cc; sourceTree = "<group>"; };
		BBFC8417196C0C0F001A236A /* UriTemplateParser.h */ = {isa = PBXFileReference; fileEncoding = 4; lastKnownFileType = sourcecode.c.h; name = UriTemplateParser.h; path = src/UriTemplateParser.h; sourceTree = "<group>"; };
		BBFC8421196C0C27001A236A /* test-csnowcrash.cc */ = {isa = PBXFileReference; fileEncoding = 4; lastKnownFileType = sourcecode.cpp.cpp; name = "test-csnowcrash.cc"; path = "test/test-csnowcrash.cc"; sourceTree = "<group>"; };
		BBFC8422196C0C27001A236A /* test-UriTemplateParser.cc */ = {isa = PBXFileReference; fileEncoding = 4; lastKnownFileType = sourcecode.cpp.cpp; name = "test-UriTemplateParser.cc"; path = "test/test-UriTemplateParser.cc"; sourceTree = "<group>"; };
		BBFCD83919DAEE240073813C /* cmdline.h */ = {isa = PBXFileReference; fileEncoding = 4; lastKnownFileType = sourcecode.c.h; name = cmdline.h; path = ext/cmdline/cmdline.h; sourceTree = "<group>"; };
		BBFF4898170B34E6001E5FB2 /* libsnowcrash.a */ = {isa = PBXFileReference; explicitFileType = archive.ar; includeInIndex = 0; path = libsnowcrash.a; sourceTree = BUILT_PRODUCTS_DIR; };
		BBFF48C0170B3C30001E5FB2 /* test-libsnowcrash */ = {isa = PBXFileReference; explicitFileType = "compiled.mach-o.executable"; includeInIndex = 0; path = "test-libsnowcrash"; sourceTree = BUILT_PRODUCTS_DIR; };
		BBFF48C9170B3C49001E5FB2 /* test-snowcrash.cc */ = {isa = PBXFileReference; fileEncoding = 4; lastKnownFileType = sourcecode.cpp.cpp; name = "test-snowcrash.cc"; path = "test/test-snowcrash.cc"; sourceTree = "<group>"; };
		BBFF48CC170B3EDE001E5FB2 /* snowcrash.cc */ = {isa = PBXFileReference; fileEncoding = 4; lastKnownFileType = sourcecode.cpp.cpp; lineEnding = 0; name = snowcrash.cc; path = src/snowcrash.cc; sourceTree = "<group>"; xcLanguageSpecificationIdentifier = xcode.lang.cpp; };
		BBFF48D1170B4224001E5FB2 /* snowcrash.h */ = {isa = PBXFileReference; fileEncoding = 4; lastKnownFileType = sourcecode.c.h; lineEnding = 0; name = snowcrash.h; path = src/snowcrash.h; sourceTree = "<group>"; xcLanguageSpecificationIdentifier = xcode.lang.objcpp; };
		BBFF48D4170C4F30001E5FB2 /* Blueprint.h */ = {isa = PBXFileReference; fileEncoding = 4; lastKnownFileType = sourcecode.c.h; lineEnding = 0; name = Blueprint.h; path = src/Blueprint.h; sourceTree = "<group>"; xcLanguageSpecificationIdentifier = xcode.lang.objcpp; };
		BBFF48D7170C57F1001E5FB2 /* test-Blueprint.cc */ = {isa = PBXFileReference; fileEncoding = 4; lastKnownFileType = sourcecode.cpp.cpp; name = "test-Blueprint.cc"; path = "test/test-Blueprint.cc"; sourceTree = "<group>"; };
/* End PBXFileReference section */

/* Begin PBXFrameworksBuildPhase section */
		BB05B9CB180448E300243E1B /* Frameworks */ = {
			isa = PBXFrameworksBuildPhase;
			buildActionMask = 2147483647;
			files = (
				BBA35FB7199C359300B7C726 /* libmarkdownparser.a in Frameworks */,
				BB05B9D918044C8200243E1B /* libsnowcrash.a in Frameworks */,
			);
			runOnlyForDeploymentPostprocessing = 0;
		};
		BBA25664172BFE4C00C1AD5E /* Frameworks */ = {
			isa = PBXFrameworksBuildPhase;
			buildActionMask = 2147483647;
			files = (
				BBA35FB8199C35A300B7C726 /* libmarkdownparser.a in Frameworks */,
				BB4D8E57172D15CA0024EB04 /* libsnowcrash.a in Frameworks */,
			);
			runOnlyForDeploymentPostprocessing = 0;
		};
		BBFF4895170B34E6001E5FB2 /* Frameworks */ = {
			isa = PBXFrameworksBuildPhase;
			buildActionMask = 2147483647;
			files = (
			);
			runOnlyForDeploymentPostprocessing = 0;
		};
		BBFF48BD170B3C30001E5FB2 /* Frameworks */ = {
			isa = PBXFrameworksBuildPhase;
			buildActionMask = 2147483647;
			files = (
				BB8C3E6F1923F07300EF36FA /* libsnowcrash.a in Frameworks */,
				BB8C3E711923F09900EF36FA /* libmarkdownparser.a in Frameworks */,
			);
			runOnlyForDeploymentPostprocessing = 0;
		};
/* End PBXFrameworksBuildPhase section */

/* Begin PBXGroup section */
		BB05B9CF180448E300243E1B /* perf-libsnowcrash */ = {
			isa = PBXGroup;
			children = (
				BB05B9D71804493500243E1B /* perf-snowcrash.cc */,
			);
			name = "perf-libsnowcrash";
			path = "perf-snowcrash";
			sourceTree = "<group>";
		};
		BB088F7B192EABEA003AA95C /* snowcrash */ = {
			isa = PBXGroup;
			children = (
				BBA25670172BFEB800C1AD5E /* snowcrash.cc */,
			);
			name = snowcrash;
			sourceTree = "<group>";
		};
		BB810F781779AB5400B89CD8 /* cmdline */ = {
			isa = PBXGroup;
			children = (
				BBFCD83919DAEE240073813C /* cmdline.h */,
			);
			name = cmdline;
			sourceTree = "<group>";
		};
		BBFF488F170B34E6001E5FB2 = {
			isa = PBXGroup;
			children = (
				BB8C3E701923F09900EF36FA /* libmarkdownparser.a */,
				BB810F781779AB5400B89CD8 /* cmdline */,
				BBFF48CB170B3ECB001E5FB2 /* libsnowcrash */,
				BB088F7B192EABEA003AA95C /* snowcrash */,
				BBFF48B9170B3AF6001E5FB2 /* test-libsnowcrash */,
				BB05B9CF180448E300243E1B /* perf-libsnowcrash */,
				BBFF4899170B34E6001E5FB2 /* Products */,
			);
			sourceTree = "<group>";
		};
		BBFF4899170B34E6001E5FB2 /* Products */ = {
			isa = PBXGroup;
			children = (
				BBFF4898170B34E6001E5FB2 /* libsnowcrash.a */,
				BBFF48C0170B3C30001E5FB2 /* test-libsnowcrash */,
				BBA25667172BFE4C00C1AD5E /* snowcrash */,
				BB05B9CE180448E300243E1B /* perf-libsnowcrash */,
			);
			name = Products;
			sourceTree = "<group>";
		};
		BBFF48B9170B3AF6001E5FB2 /* test-libsnowcrash */ = {
			isa = PBXGroup;
			children = (
				BB088F76192D289C003AA95C /* snowcrashtest.h */,
				BB50F0BC17D1DC9B0002C363 /* test-ActionParser.cc */,
				BB3DD974174654FD004C4077 /* test-AssetParser.cc */,
				BBFF48D7170C57F1001E5FB2 /* test-Blueprint.cc */,
				BBA01FF817292F9C0050B603 /* test-BlueprintParser.cc */,
				BBFC8421196C0C27001A236A /* test-csnowcrash.cc */,
				BBD73565192ED45D009FE09E /* test-HeadersParser.cc */,
				BB45781D182326EE00D0293A /* test-Indentation.cc */,
				BBCC856019542DB300B99E90 /* test-ParameterParser.cc */,
				BB03DC6517D3718D00C51E52 /* test-ParametersParser.cc */,
				BBE5705C173922B70086CE22 /* test-PayloadParser.cc */,
				BBB0F42B1731D04900C92465 /* test-RegexMatch.cc */,
				BBB127871999700E0041E9AE /* test-ResourceGroupParser.cc */,
				BBD5F9DD173578210049BBEE /* test-ResourceParser.cc */,
				BBCC856619543A4D00B99E90 /* test-SectionParser.cc */,
				4056BE0A19EE98C5003AC26C /* test-Signature.cc */,
				BBFF48C9170B3C49001E5FB2 /* test-snowcrash.cc */,
				BBCC04E518A51AA800C65A08 /* test-SymbolIdentifier.cc */,
				BB1865C81764DB8A00756B18 /* test-SymbolTable.cc */,
				BBFC8422196C0C27001A236A /* test-UriTemplateParser.cc */,
				BBCC856119542DB300B99E90 /* test-ValuesParser.cc */,
				BB9E7029183342CB00ED5806 /* test-Warnings.cc */,
			);
			name = "test-libsnowcrash";
			sourceTree = "<group>";
		};
		BBFF48CB170B3ECB001E5FB2 /* libsnowcrash */ = {
			isa = PBXGroup;
			children = (
				BB50F0BB17D1DB4D0002C363 /* ActionParser.h */,
				BB3DD973174654B8004C4077 /* AssetParser.h */,
				BBFF48D4170C4F30001E5FB2 /* Blueprint.h */,
				BBA91DC0171D402600649B05 /* BlueprintParser.h */,
				4070F30119E4C30A004892C8 /* BlueprintSourcemap.h */,
				BB92D892178EFA370098A63C /* BlueprintUtility.h */,
				BBFC840F196C0C0F001A236A /* CBlueprint.cc */,
				BBFC8410196C0C0F001A236A /* CBlueprint.h */,
				4070F30219E4C30A004892C8 /* CBlueprintSourcemap.cc */,
				4070F30319E4C30A004892C8 /* CBlueprintSourcemap.h */,
				BBC2D85E18301FEC00FBCEA7 /* CodeBlockUtility.h */,
				BBFC8411196C0C0F001A236A /* csnowcrash.cc */,
				BBFC8412196C0C0F001A236A /* csnowcrash.h */,
				BBFC8413196C0C0F001A236A /* CSourceAnnotation.cc */,
				BBFC8414196C0C0F001A236A /* CSourceAnnotation.h */,
				BBD73563192ED417009FE09E /* HeadersParser.h */,
				BB92D890178EF7C10098A63C /* HTTP.cc */,
				BB92D88F178EF4160098A63C /* HTTP.h */,
				40A1EE0A19EC0A0B00DB894A /* MSON.h */,
				402FC56119ED2E8D006D7A86 /* MSONSectionProcessor.h */,
				BBCC855C19542DA100B99E90 /* ParameterParser.h */,
				BB03DC6417D3717B00C51E52 /* ParametersParser.h */,
				BBE5705F173927870086CE22 /* PayloadParser.h */,
				BB0793BE1782C773005BB7CC /* Platform.h */,
				BBB0F4271731CE0D00C92465 /* RegexMatch.cc */,
				BBB0F4281731CE0D00C92465 /* RegexMatch.h */,
				BBD5F9C717353C300049BBEE /* ResourceGroupParser.h */,
				BBD5F9CC17353CE00049BBEE /* ResourceParser.h */,
				BB8C3E7319241C1600EF36FA /* Section.cc */,
				BB8C3E641923D83C00EF36FA /* Section.h */,
				BB8C3E621923D6FE00EF36FA /* SectionParser.h */,
				BB088F77192D7901003AA95C /* SectionParserData.h */,
				BB8C3E611923D45700EF36FA /* SectionProcessor.h */,
				BBE5355E174132B100BCA7AD /* Serialize.cc */,
				BBE5355B174132B100BCA7AD /* Serialize.h */,
				BBE5355F174132B100BCA7AD /* SerializeJSON.cc */,
				BBE5355C174132B100BCA7AD /* SerializeJSON.h */,
				BBE53560174132B100BCA7AD /* SerializeYAML.cc */,
				BBE5355D174132B100BCA7AD /* SerializeYAML.h */,
				BBCC856819545FCE00B99E90 /* Signature.cc */,
				BB8C3E721924192600EF36FA /* Signature.h */,
				BBFF48CC170B3EDE001E5FB2 /* snowcrash.cc */,
				BBFF48D1170B4224001E5FB2 /* snowcrash.h */,
				BB6A9A7F17904C7300B2F283 /* SourceAnnotation.h */,
				BBB2A226173EA77A0020C1CE /* StringUtility.h */,
				BB1865C71764D67B00756B18 /* SymbolTable.h */,
				BBFC8416196C0C0F001A236A /* UriTemplateParser.cc */,
				BBFC8417196C0C0F001A236A /* UriTemplateParser.h */,
				BBCC855D19542DA100B99E90 /* ValuesParser.h */,
				BBCEF19118FBF7B000A0FA24 /* Version.h */,
			);
			name = libsnowcrash;
			sourceTree = "<group>";
		};
/* End PBXGroup section */

/* Begin PBXHeadersBuildPhase section */
		BBFF4896170B34E6001E5FB2 /* Headers */ = {
			isa = PBXHeadersBuildPhase;
			buildActionMask = 2147483647;
			files = (
				BBFF48D2170B4224001E5FB2 /* snowcrash.h in Headers */,
				BBFCD83A19DAEE240073813C /* cmdline.h in Headers */,
				BBFF48D6170C4F30001E5FB2 /* Blueprint.h in Headers */,
				402FC56219ED2E8D006D7A86 /* MSONSectionProcessor.h in Headers */,
				BBD73564192ED417009FE09E /* HeadersParser.h in Headers */,
				BBCC855F19542DA100B99E90 /* ValuesParser.h in Headers */,
				BBA91DC2171D402600649B05 /* BlueprintParser.h in Headers */,
				BBCEF19218FBF7B000A0FA24 /* Version.h in Headers */,
				BBFC841B196C0C0F001A236A /* csnowcrash.h in Headers */,
				BBB0F42A1731CE0D00C92465 /* RegexMatch.h in Headers */,
				BBD5F9C917353C310049BBEE /* ResourceGroupParser.h in Headers */,
				BBFC8419196C0C0F001A236A /* CBlueprint.h in Headers */,
				BBC2D85F18301FEC00FBCEA7 /* CodeBlockUtility.h in Headers */,
				BB8C3E631923D6FE00EF36FA /* SectionParser.h in Headers */,
				40A1EE0B19EC0A0B00DB894A /* MSON.h in Headers */,
				BBD5F9CE17353CE00049BBEE /* ResourceParser.h in Headers */,
				4070F30419E4C30A004892C8 /* BlueprintSourcemap.h in Headers */,
				BBE57061173927870086CE22 /* PayloadParser.h in Headers */,
				BBFC841D196C0C0F001A236A /* CSourceAnnotation.h in Headers */,
				BB8C3E651923D83C00EF36FA /* Section.h in Headers */,
				4070F30619E4C30A004892C8 /* CBlueprintSourcemap.h in Headers */,
				BBE53561174132B100BCA7AD /* Serialize.h in Headers */,
				BBCC855E19542DA100B99E90 /* ParameterParser.h in Headers */,
				BBE53562174132B100BCA7AD /* SerializeJSON.h in Headers */,
				BB088F78192D7901003AA95C /* SectionParserData.h in Headers */,
				BBFC8420196C0C0F001A236A /* UriTemplateParser.h in Headers */,
				BBE53563174132B100BCA7AD /* SerializeYAML.h in Headers */,
			);
			runOnlyForDeploymentPostprocessing = 0;
		};
/* End PBXHeadersBuildPhase section */

/* Begin PBXNativeTarget section */
		BB05B9CD180448E300243E1B /* perf-libsnowcrash */ = {
			isa = PBXNativeTarget;
			buildConfigurationList = BB05B9D6180448E300243E1B /* Build configuration list for PBXNativeTarget "perf-libsnowcrash" */;
			buildPhases = (
				BB05B9CA180448E300243E1B /* Sources */,
				BB05B9CB180448E300243E1B /* Frameworks */,
				BB05B9CC180448E300243E1B /* CopyFiles */,
			);
			buildRules = (
			);
			dependencies = (
				BBA35FB6199C34E600B7C726 /* PBXTargetDependency */,
			);
			name = "perf-libsnowcrash";
			productName = "perf-snowcrash";
			productReference = BB05B9CE180448E300243E1B /* perf-libsnowcrash */;
			productType = "com.apple.product-type.tool";
		};
		BBA25666172BFE4C00C1AD5E /* snowcrash */ = {
			isa = PBXNativeTarget;
			buildConfigurationList = BBA2566F172BFE4C00C1AD5E /* Build configuration list for PBXNativeTarget "snowcrash" */;
			buildPhases = (
				BBA25663172BFE4C00C1AD5E /* Sources */,
				BBA25664172BFE4C00C1AD5E /* Frameworks */,
				BBA25665172BFE4C00C1AD5E /* CopyFiles */,
			);
			buildRules = (
			);
			dependencies = (
				BB4D8E56172D15AA0024EB04 /* PBXTargetDependency */,
			);
			name = snowcrash;
			productName = snowcrash;
			productReference = BBA25667172BFE4C00C1AD5E /* snowcrash */;
			productType = "com.apple.product-type.tool";
		};
		BBFF4897170B34E6001E5FB2 /* libsnowcrash */ = {
			isa = PBXNativeTarget;
			buildConfigurationList = BBFF489C170B34E6001E5FB2 /* Build configuration list for PBXNativeTarget "libsnowcrash" */;
			buildPhases = (
				BBFF4894170B34E6001E5FB2 /* Sources */,
				BBFF4895170B34E6001E5FB2 /* Frameworks */,
				BBFF4896170B34E6001E5FB2 /* Headers */,
			);
			buildRules = (
			);
			dependencies = (
			);
			name = libsnowcrash;
			productName = snowcrash;
			productReference = BBFF4898170B34E6001E5FB2 /* libsnowcrash.a */;
			productType = "com.apple.product-type.library.static";
		};
		BBFF48BF170B3C30001E5FB2 /* test-libsnowcrash */ = {
			isa = PBXNativeTarget;
			buildConfigurationList = BBFF48C6170B3C30001E5FB2 /* Build configuration list for PBXNativeTarget "test-libsnowcrash" */;
			buildPhases = (
				BBFF48BC170B3C30001E5FB2 /* Sources */,
				BBFF48BD170B3C30001E5FB2 /* Frameworks */,
				BBFF48BE170B3C30001E5FB2 /* CopyFiles */,
			);
			buildRules = (
			);
			dependencies = (
				BB8C3E6E1923F06E00EF36FA /* PBXTargetDependency */,
			);
			name = "test-libsnowcrash";
			productName = "test-snowcrash";
			productReference = BBFF48C0170B3C30001E5FB2 /* test-libsnowcrash */;
			productType = "com.apple.product-type.tool";
		};
/* End PBXNativeTarget section */

/* Begin PBXProject section */
		BBFF4890170B34E6001E5FB2 /* Project object */ = {
			isa = PBXProject;
			attributes = {
				LastUpgradeCheck = 0500;
				ORGANIZATIONNAME = "Apiary Inc.";
			};
			buildConfigurationList = BBFF4893170B34E6001E5FB2 /* Build configuration list for PBXProject "snowcrash" */;
			compatibilityVersion = "Xcode 3.2";
			developmentRegion = English;
			hasScannedForEncodings = 0;
			knownRegions = (
				en,
			);
			mainGroup = BBFF488F170B34E6001E5FB2;
			productRefGroup = BBFF4899170B34E6001E5FB2 /* Products */;
			projectDirPath = "";
			projectRoot = "";
			targets = (
				BBFF4897170B34E6001E5FB2 /* libsnowcrash */,
				BBFF48BF170B3C30001E5FB2 /* test-libsnowcrash */,
				BBA25666172BFE4C00C1AD5E /* snowcrash */,
				BB05B9CD180448E300243E1B /* perf-libsnowcrash */,
			);
		};
/* End PBXProject section */

/* Begin PBXSourcesBuildPhase section */
		BB05B9CA180448E300243E1B /* Sources */ = {
			isa = PBXSourcesBuildPhase;
			buildActionMask = 2147483647;
			files = (
				BB05B9D81804493500243E1B /* perf-snowcrash.cc in Sources */,
			);
			runOnlyForDeploymentPostprocessing = 0;
		};
		BBA25663172BFE4C00C1AD5E /* Sources */ = {
			isa = PBXSourcesBuildPhase;
			buildActionMask = 2147483647;
			files = (
				BBA25671172BFEB800C1AD5E /* snowcrash.cc in Sources */,
			);
			runOnlyForDeploymentPostprocessing = 0;
		};
		BBFF4894170B34E6001E5FB2 /* Sources */ = {
			isa = PBXSourcesBuildPhase;
			buildActionMask = 2147483647;
			files = (
				BBFC841A196C0C0F001A236A /* csnowcrash.cc in Sources */,
				BBFF48CD170B3EDE001E5FB2 /* snowcrash.cc in Sources */,
				4070F30519E4C30A004892C8 /* CBlueprintSourcemap.cc in Sources */,
				BB92D891178EF7C10098A63C /* HTTP.cc in Sources */,
				BB8C3E7419241C1600EF36FA /* Section.cc in Sources */,
				BBE53564174132B100BCA7AD /* Serialize.cc in Sources */,
				BBCC856919545FCE00B99E90 /* Signature.cc in Sources */,
				BBE53565174132B100BCA7AD /* SerializeJSON.cc in Sources */,
				BBFC8418196C0C0F001A236A /* CBlueprint.cc in Sources */,
				BBFC841C196C0C0F001A236A /* CSourceAnnotation.cc in Sources */,
				BBFC841F196C0C0F001A236A /* UriTemplateParser.cc in Sources */,
				BB65939117845C2D00321230 /* RegexMatch.cc in Sources */,
				BBE53566174132B100BCA7AD /* SerializeYAML.cc in Sources */,
			);
			runOnlyForDeploymentPostprocessing = 0;
		};
		BBFF48BC170B3C30001E5FB2 /* Sources */ = {
			isa = PBXSourcesBuildPhase;
			buildActionMask = 2147483647;
			files = (
				BBFC8425196C1AD4001A236A /* test-ActionParser.cc in Sources */,
				BBCC856319542DB300B99E90 /* test-ValuesParser.cc in Sources */,
				BBB1278C199970A80041E9AE /* test-SymbolIdentifier.cc in Sources */,
				BBFC8426196C1AFD001A236A /* test-RegexMatch.cc in Sources */,
				BBCC856219542DB300B99E90 /* test-ParameterParser.cc in Sources */,
				BB8C3E661923EB3F00EF36FA /* test-AssetParser.cc in Sources */,
				BBB127891999702B0041E9AE /* test-BlueprintParser.cc in Sources */,
				BBFC8427196C1B1F001A236A /* test-ResourceParser.cc in Sources */,
				BBE7FEBE1922CAF300A1649E /* test-Blueprint.cc in Sources */,
				BBCC856719543A4D00B99E90 /* test-SectionParser.cc in Sources */,
				BBB127881999700E0041E9AE /* test-ResourceGroupParser.cc in Sources */,
				BBCC856519542E5600B99E90 /* test-PayloadParser.cc in Sources */,
				BBCC856419542E5100B99E90 /* test-ParametersParser.cc in Sources */,
				BBB1278B199970350041E9AE /* test-Indentation.cc in Sources */,
				BBB1278E199970B20041E9AE /* test-Warnings.cc in Sources */,
				BBB1278D199970AB0041E9AE /* test-SymbolTable.cc in Sources */,
				4056BE0B19EE98C5003AC26C /* test-Signature.cc in Sources */,
				BBFC8424196C0C27001A236A /* test-UriTemplateParser.cc in Sources */,
				BBFC842A196C1B2B001A236A /* test-snowcrash.cc in Sources */,
				BBB1278A1999702E0041E9AE /* test-csnowcrash.cc in Sources */,
				BBD73566192ED45D009FE09E /* test-HeadersParser.cc in Sources */,
			);
			runOnlyForDeploymentPostprocessing = 0;
		};
/* End PBXSourcesBuildPhase section */

/* Begin PBXTargetDependency section */
		BB4D8E56172D15AA0024EB04 /* PBXTargetDependency */ = {
			isa = PBXTargetDependency;
			target = BBFF4897170B34E6001E5FB2 /* libsnowcrash */;
			targetProxy = BB4D8E55172D15AA0024EB04 /* PBXContainerItemProxy */;
		};
		BB8C3E6E1923F06E00EF36FA /* PBXTargetDependency */ = {
			isa = PBXTargetDependency;
			target = BBFF4897170B34E6001E5FB2 /* libsnowcrash */;
			targetProxy = BB8C3E6D1923F06E00EF36FA /* PBXContainerItemProxy */;
		};
		BBA35FB6199C34E600B7C726 /* PBXTargetDependency */ = {
			isa = PBXTargetDependency;
			target = BBFF4897170B34E6001E5FB2 /* libsnowcrash */;
			targetProxy = BBA35FB5199C34E600B7C726 /* PBXContainerItemProxy */;
		};
/* End PBXTargetDependency section */

/* Begin XCBuildConfiguration section */
		BB05B9D4180448E300243E1B /* Debug */ = {
			isa = XCBuildConfiguration;
			buildSettings = {
				LIBRARY_SEARCH_PATHS = (
					"$(inherited)",
					"$(USER_LIBRARY_DIR)/Developer/Xcode/DerivedData/snowcrash-etyympsdikhephgzkvczxkaprkpp/Build/Products/Debug",
				);
				PRODUCT_NAME = "$(TARGET_NAME)";
			};
			name = Debug;
		};
		BB05B9D5180448E300243E1B /* Release */ = {
			isa = XCBuildConfiguration;
			buildSettings = {
				LIBRARY_SEARCH_PATHS = (
					"$(inherited)",
					"$(USER_LIBRARY_DIR)/Developer/Xcode/DerivedData/snowcrash-etyympsdikhephgzkvczxkaprkpp/Build/Products/Debug",
				);
				PRODUCT_NAME = "$(TARGET_NAME)";
			};
			name = Release;
		};
		BBA2566D172BFE4C00C1AD5E /* Debug */ = {
			isa = XCBuildConfiguration;
			buildSettings = {
				LIBRARY_SEARCH_PATHS = (
					"$(inherited)",
					"$(USER_LIBRARY_DIR)/Developer/Xcode/DerivedData/snowcrash-etyympsdikhephgzkvczxkaprkpp/Build/Products/Debug",
				);
				PRODUCT_NAME = "$(TARGET_NAME)";
			};
			name = Debug;
		};
		BBA2566E172BFE4C00C1AD5E /* Release */ = {
			isa = XCBuildConfiguration;
			buildSettings = {
				LIBRARY_SEARCH_PATHS = (
					"$(inherited)",
					"$(USER_LIBRARY_DIR)/Developer/Xcode/DerivedData/snowcrash-etyympsdikhephgzkvczxkaprkpp/Build/Products/Debug",
				);
				PRODUCT_NAME = "$(TARGET_NAME)";
			};
			name = Release;
		};
		BBFF489A170B34E6001E5FB2 /* Debug */ = {
			isa = XCBuildConfiguration;
			buildSettings = {
				ALWAYS_SEARCH_USER_PATHS = NO;
				CLANG_WARN_CONSTANT_CONVERSION = YES;
				CLANG_WARN_CXX0X_EXTENSIONS = YES;
				CLANG_WARN_EMPTY_BODY = YES;
				CLANG_WARN_ENUM_CONVERSION = YES;
				CLANG_WARN_INT_CONVERSION = YES;
				CLANG_WARN__DUPLICATE_METHOD_MATCH = YES;
				COPY_PHASE_STRIP = NO;
				GCC_INLINES_ARE_PRIVATE_EXTERN = YES;
				GCC_OPTIMIZATION_LEVEL = 0;
				GCC_PREPROCESSOR_DEFINITIONS = (
					"$(inherited)",
					"DEBUG=1",
					"BUILDING_SNOWCRASH=1",
				);
				GCC_WARN_64_TO_32_BIT_CONVERSION = YES;
				GCC_WARN_ABOUT_RETURN_TYPE = YES;
				GCC_WARN_SIGN_COMPARE = YES;
				GCC_WARN_UNINITIALIZED_AUTOS = YES;
				GCC_WARN_UNUSED_VARIABLE = YES;
				GENERATE_PROFILING_CODE = YES;
				MACOSX_DEPLOYMENT_TARGET = 10.9;
				USER_HEADER_SEARCH_PATHS = "./ext/markdown-parser/src/** ./ext/markdown-parser/ext/sundown/**";
			};
			name = Debug;
		};
		BBFF489B170B34E6001E5FB2 /* Release */ = {
			isa = XCBuildConfiguration;
			buildSettings = {
				ALWAYS_SEARCH_USER_PATHS = NO;
				CLANG_WARN_CONSTANT_CONVERSION = YES;
				CLANG_WARN_CXX0X_EXTENSIONS = YES;
				CLANG_WARN_EMPTY_BODY = YES;
				CLANG_WARN_ENUM_CONVERSION = YES;
				CLANG_WARN_INT_CONVERSION = YES;
				CLANG_WARN__DUPLICATE_METHOD_MATCH = YES;
				COPY_PHASE_STRIP = YES;
				DEBUG_INFORMATION_FORMAT = "dwarf-with-dsym";
				GCC_INLINES_ARE_PRIVATE_EXTERN = YES;
				GCC_OPTIMIZATION_LEVEL = 1;
				GCC_PREPROCESSOR_DEFINITIONS = (
					"$(inherited)",
					"BUILDING_SNOWCRASH=1",
				);
				GCC_WARN_64_TO_32_BIT_CONVERSION = YES;
				GCC_WARN_ABOUT_RETURN_TYPE = YES;
				GCC_WARN_SIGN_COMPARE = YES;
				GCC_WARN_UNINITIALIZED_AUTOS = YES;
				GCC_WARN_UNUSED_VARIABLE = YES;
				GENERATE_PROFILING_CODE = YES;
				MACOSX_DEPLOYMENT_TARGET = 10.9;
				USER_HEADER_SEARCH_PATHS = "./ext/markdown-parser/src/** ./ext/markdown-parser/ext/sundown/**";
			};
			name = Release;
		};
		BBFF489D170B34E6001E5FB2 /* Debug */ = {
			isa = XCBuildConfiguration;
			buildSettings = {
				EXECUTABLE_PREFIX = "";
				LIBRARY_SEARCH_PATHS = (
					"$(inherited)",
					"$(USER_LIBRARY_DIR)/Developer/Xcode/DerivedData/snowcrash-etyympsdikhephgzkvczxkaprkpp/Build/Products/Debug",
				);
				PRODUCT_NAME = "$(TARGET_NAME)";
			};
			name = Debug;
		};
		BBFF489E170B34E6001E5FB2 /* Release */ = {
			isa = XCBuildConfiguration;
			buildSettings = {
				EXECUTABLE_PREFIX = "";
				LIBRARY_SEARCH_PATHS = (
					"$(inherited)",
					"$(USER_LIBRARY_DIR)/Developer/Xcode/DerivedData/snowcrash-etyympsdikhephgzkvczxkaprkpp/Build/Products/Debug",
				);
				PRODUCT_NAME = "$(TARGET_NAME)";
			};
			name = Release;
		};
		BBFF48C7170B3C30001E5FB2 /* Debug */ = {
			isa = XCBuildConfiguration;
			buildSettings = {
				PRODUCT_NAME = "$(TARGET_NAME)";
				USER_HEADER_SEARCH_PATHS = "./ext/markdown-parser/src/** ./ext/markdown-parser/ext/sundown/** ./test/**";
			};
			name = Debug;
		};
		BBFF48C8170B3C30001E5FB2 /* Release */ = {
			isa = XCBuildConfiguration;
			buildSettings = {
				PRODUCT_NAME = "$(TARGET_NAME)";
				USER_HEADER_SEARCH_PATHS = "./ext/markdown-parser/src/** ./ext/markdown-parser/ext/sundown/** ./test/**";
			};
			name = Release;
		};
/* End XCBuildConfiguration section */

/* Begin XCConfigurationList section */
		BB05B9D6180448E300243E1B /* Build configuration list for PBXNativeTarget "perf-libsnowcrash" */ = {
			isa = XCConfigurationList;
			buildConfigurations = (
				BB05B9D4180448E300243E1B /* Debug */,
				BB05B9D5180448E300243E1B /* Release */,
			);
			defaultConfigurationIsVisible = 0;
			defaultConfigurationName = Release;
		};
		BBA2566F172BFE4C00C1AD5E /* Build configuration list for PBXNativeTarget "snowcrash" */ = {
			isa = XCConfigurationList;
			buildConfigurations = (
				BBA2566D172BFE4C00C1AD5E /* Debug */,
				BBA2566E172BFE4C00C1AD5E /* Release */,
			);
			defaultConfigurationIsVisible = 0;
			defaultConfigurationName = Release;
		};
		BBFF4893170B34E6001E5FB2 /* Build configuration list for PBXProject "snowcrash" */ = {
			isa = XCConfigurationList;
			buildConfigurations = (
				BBFF489A170B34E6001E5FB2 /* Debug */,
				BBFF489B170B34E6001E5FB2 /* Release */,
			);
			defaultConfigurationIsVisible = 0;
			defaultConfigurationName = Release;
		};
		BBFF489C170B34E6001E5FB2 /* Build configuration list for PBXNativeTarget "libsnowcrash" */ = {
			isa = XCConfigurationList;
			buildConfigurations = (
				BBFF489D170B34E6001E5FB2 /* Debug */,
				BBFF489E170B34E6001E5FB2 /* Release */,
			);
			defaultConfigurationIsVisible = 0;
			defaultConfigurationName = Release;
		};
		BBFF48C6170B3C30001E5FB2 /* Build configuration list for PBXNativeTarget "test-libsnowcrash" */ = {
			isa = XCConfigurationList;
			buildConfigurations = (
				BBFF48C7170B3C30001E5FB2 /* Debug */,
				BBFF48C8170B3C30001E5FB2 /* Release */,
			);
			defaultConfigurationIsVisible = 0;
			defaultConfigurationName = Release;
		};
/* End XCConfigurationList section */
	};
	rootObject = BBFF4890170B34E6001E5FB2 /* Project object */;
}
