// !$*UTF8*$!
{
	archiveVersion = 1;
	classes = {
	};
	objectVersion = 46;
	objects = {

/* Begin PBXBuildFile section */
		BB03DC6617D3718D00C51E52 /* test-ParametersParser.cc in Sources */ = {isa = PBXBuildFile; fileRef = BB03DC6517D3718D00C51E52 /* test-ParametersParser.cc */; };
		BB03DC6917D3723300C51E52 /* test-ParameterDefinitonParser.cc in Sources */ = {isa = PBXBuildFile; fileRef = BB03DC6817D3723300C51E52 /* test-ParameterDefinitonParser.cc */; };
		BB05B9D81804493500243E1B /* perf-snowcrash.cc in Sources */ = {isa = PBXBuildFile; fileRef = BB05B9D71804493500243E1B /* perf-snowcrash.cc */; };
		BB05B9D918044C8200243E1B /* libsnowcrash.a in Frameworks */ = {isa = PBXBuildFile; fileRef = BBFF4898170B34E6001E5FB2 /* libsnowcrash.a */; };
		BB1112C7196A8882000F5224 /* test-UriTemplateParser.cc in Sources */ = {isa = PBXBuildFile; fileRef = BB1112C5196A8870000F5224 /* test-UriTemplateParser.cc */; };
		BB1112CA196A8892000F5224 /* UriTemplateParser.cc in Sources */ = {isa = PBXBuildFile; fileRef = BB1112C8196A8892000F5224 /* UriTemplateParser.cc */; };
		BB1112CB196A8892000F5224 /* UriTemplateParser.h in Headers */ = {isa = PBXBuildFile; fileRef = BB1112C9196A8892000F5224 /* UriTemplateParser.h */; };
		BB167D1D172931330030D1D5 /* test-BlueprintParser.cc in Sources */ = {isa = PBXBuildFile; fileRef = BBA01FF817292F9C0050B603 /* test-BlueprintParser.cc */; };
		BB1865C91764DB8A00756B18 /* test-SymbolTable.cc in Sources */ = {isa = PBXBuildFile; fileRef = BB1865C81764DB8A00756B18 /* test-SymbolTable.cc */; };
		BB1D4D0B174D0932009BCB1C /* test-HeaderParser.cc in Sources */ = {isa = PBXBuildFile; fileRef = BB1D4D08174D08C3009BCB1C /* test-HeaderParser.cc */; };
		BB3DD975174654FD004C4077 /* test-AssetParser.cc in Sources */ = {isa = PBXBuildFile; fileRef = BB3DD974174654FD004C4077 /* test-AssetParser.cc */; };
		BB45781E182326EE00D0293A /* test-Indentation.cc in Sources */ = {isa = PBXBuildFile; fileRef = BB45781D182326EE00D0293A /* test-Indentation.cc */; };
		BB4D8E57172D15CA0024EB04 /* libsnowcrash.a in Frameworks */ = {isa = PBXBuildFile; fileRef = BBFF4898170B34E6001E5FB2 /* libsnowcrash.a */; };
		BB50F0BD17D1DCE00002C363 /* test-ActionParser.cc in Sources */ = {isa = PBXBuildFile; fileRef = BB50F0BC17D1DC9B0002C363 /* test-ActionParser.cc */; };
		BB65939117845C2D00321230 /* RegexMatch.cc in Sources */ = {isa = PBXBuildFile; fileRef = BBB0F4271731CE0D00C92465 /* RegexMatch.cc */; };
		BB6902A5196AAB1200B7DF76 /* CBlueprint.cc in Sources */ = {isa = PBXBuildFile; fileRef = BB69029F196AAB1200B7DF76 /* CBlueprint.cc */; };
		BB6902A6196AAB1200B7DF76 /* CBlueprint.h in Headers */ = {isa = PBXBuildFile; fileRef = BB6902A0196AAB1200B7DF76 /* CBlueprint.h */; };
		BB6902A7196AAB1200B7DF76 /* csnowcrash.cc in Sources */ = {isa = PBXBuildFile; fileRef = BB6902A1196AAB1200B7DF76 /* csnowcrash.cc */; };
		BB6902A8196AAB1200B7DF76 /* csnowcrash.h in Headers */ = {isa = PBXBuildFile; fileRef = BB6902A2196AAB1200B7DF76 /* csnowcrash.h */; };
		BB6902A9196AAB1200B7DF76 /* CSourceAnnotation.cc in Sources */ = {isa = PBXBuildFile; fileRef = BB6902A3196AAB1200B7DF76 /* CSourceAnnotation.cc */; };
		BB6902AA196AAB1200B7DF76 /* CSourceAnnotation.h in Headers */ = {isa = PBXBuildFile; fileRef = BB6902A4196AAB1200B7DF76 /* CSourceAnnotation.h */; };
		BB6902AD196AAB5700B7DF76 /* test-csnowcrash.cc in Sources */ = {isa = PBXBuildFile; fileRef = BB6902AB196AAB5100B7DF76 /* test-csnowcrash.cc */; };
		BB740993171C05B20023105F /* MarkdownParser.cc in Sources */ = {isa = PBXBuildFile; fileRef = BB740991171C05B20023105F /* MarkdownParser.cc */; };
		BB740994171C05B20023105F /* MarkdownParser.h in Headers */ = {isa = PBXBuildFile; fileRef = BB740992171C05B20023105F /* MarkdownParser.h */; };
		BB740997171C065C0023105F /* MarkdownBlock.cc in Sources */ = {isa = PBXBuildFile; fileRef = BB740995171C065C0023105F /* MarkdownBlock.cc */; };
		BB740998171C065C0023105F /* MarkdownBlock.h in Headers */ = {isa = PBXBuildFile; fileRef = BB740996171C065C0023105F /* MarkdownBlock.h */; };
		BB74099A171C08240023105F /* test-MarkdownBlock.cc in Sources */ = {isa = PBXBuildFile; fileRef = BB740999171C08240023105F /* test-MarkdownBlock.cc */; };
		BB74099C171C08860023105F /* test-MarkdownParser.cc in Sources */ = {isa = PBXBuildFile; fileRef = BB74099B171C08850023105F /* test-MarkdownParser.cc */; };
		BB86DEC11723E3A700063644 /* src_map.c in Sources */ = {isa = PBXBuildFile; fileRef = BB86DEC01723E3A700063644 /* src_map.c */; };
		BB86DEC31723E3C600063644 /* src_map.h in Headers */ = {isa = PBXBuildFile; fileRef = BB86DEC21723E3C600063644 /* src_map.h */; };
		BB8AEFD817D899B900298807 /* test-ListUtility.cc in Sources */ = {isa = PBXBuildFile; fileRef = BB8AEFD717D899B900298807 /* test-ListUtility.cc */; };
		BB92D891178EF7C10098A63C /* HTTP.cc in Sources */ = {isa = PBXBuildFile; fileRef = BB92D890178EF7C10098A63C /* HTTP.cc */; };
		BB9E702A183342CB00ED5806 /* test-Warnings.cc in Sources */ = {isa = PBXBuildFile; fileRef = BB9E7029183342CB00ED5806 /* test-Warnings.cc */; };
		BBA25671172BFEB800C1AD5E /* snowcrash.cc in Sources */ = {isa = PBXBuildFile; fileRef = BBA25670172BFEB800C1AD5E /* snowcrash.cc */; };
		BBA889A71712FF37005A9570 /* Parser.cc in Sources */ = {isa = PBXBuildFile; fileRef = BBA889A51712FF37005A9570 /* Parser.cc */; };
		BBA889A81712FF37005A9570 /* Parser.h in Headers */ = {isa = PBXBuildFile; fileRef = BBA889A61712FF37005A9570 /* Parser.h */; };
		BBA889AA17130239005A9570 /* test-Parser.cc in Sources */ = {isa = PBXBuildFile; fileRef = BBA889A917130239005A9570 /* test-Parser.cc */; };
		BBA889B517131AFF005A9570 /* autolink.c in Sources */ = {isa = PBXBuildFile; fileRef = BBA889AC17131AFF005A9570 /* autolink.c */; };
		BBA889B617131AFF005A9570 /* autolink.h in Headers */ = {isa = PBXBuildFile; fileRef = BBA889AD17131AFF005A9570 /* autolink.h */; };
		BBA889B717131AFF005A9570 /* buffer.c in Sources */ = {isa = PBXBuildFile; fileRef = BBA889AE17131AFF005A9570 /* buffer.c */; };
		BBA889B817131AFF005A9570 /* buffer.h in Headers */ = {isa = PBXBuildFile; fileRef = BBA889AF17131AFF005A9570 /* buffer.h */; };
		BBA889B917131AFF005A9570 /* html_blocks.h in Headers */ = {isa = PBXBuildFile; fileRef = BBA889B017131AFF005A9570 /* html_blocks.h */; };
		BBA889BA17131AFF005A9570 /* markdown.c in Sources */ = {isa = PBXBuildFile; fileRef = BBA889B117131AFF005A9570 /* markdown.c */; };
		BBA889BB17131AFF005A9570 /* markdown.h in Headers */ = {isa = PBXBuildFile; fileRef = BBA889B217131AFF005A9570 /* markdown.h */; };
		BBA889BC17131AFF005A9570 /* stack.c in Sources */ = {isa = PBXBuildFile; fileRef = BBA889B317131AFF005A9570 /* stack.c */; };
		BBA889BD17131AFF005A9570 /* stack.h in Headers */ = {isa = PBXBuildFile; fileRef = BBA889B417131AFF005A9570 /* stack.h */; };
		BBA889C517131B19005A9570 /* houdini.h in Headers */ = {isa = PBXBuildFile; fileRef = BBA889BF17131B19005A9570 /* houdini.h */; };
		BBA889C617131B19005A9570 /* html.h in Headers */ = {isa = PBXBuildFile; fileRef = BBA889C017131B19005A9570 /* html.h */; };
		BBA889C717131B19005A9570 /* houdini_href_e.c in Sources */ = {isa = PBXBuildFile; fileRef = BBA889C117131B19005A9570 /* houdini_href_e.c */; };
		BBA889C817131B19005A9570 /* houdini_html_e.c in Sources */ = {isa = PBXBuildFile; fileRef = BBA889C217131B19005A9570 /* houdini_html_e.c */; };
		BBA889C917131B19005A9570 /* html_smartypants.c in Sources */ = {isa = PBXBuildFile; fileRef = BBA889C317131B19005A9570 /* html_smartypants.c */; };
		BBA889CA17131B19005A9570 /* html.c in Sources */ = {isa = PBXBuildFile; fileRef = BBA889C417131B19005A9570 /* html.c */; };
		BBA91DC2171D402600649B05 /* BlueprintParser.h in Headers */ = {isa = PBXBuildFile; fileRef = BBA91DC0171D402600649B05 /* BlueprintParser.h */; };
		BBB0F42A1731CE0D00C92465 /* RegexMatch.h in Headers */ = {isa = PBXBuildFile; fileRef = BBB0F4281731CE0D00C92465 /* RegexMatch.h */; };
		BBB0F42C1731D04900C92465 /* test-RegexMatch.cc in Sources */ = {isa = PBXBuildFile; fileRef = BBB0F42B1731D04900C92465 /* test-RegexMatch.cc */; };
		BBC2D85F18301FEC00FBCEA7 /* CodeBlockUtility.h in Headers */ = {isa = PBXBuildFile; fileRef = BBC2D85E18301FEC00FBCEA7 /* CodeBlockUtility.h */; };
		BBC2D861183024C100FBCEA7 /* DescriptionSectionUtility.h in Headers */ = {isa = PBXBuildFile; fileRef = BBC2D860183024C100FBCEA7 /* DescriptionSectionUtility.h */; };
		BBC2D86318316DC000FBCEA7 /* ListBlockUtility.h in Headers */ = {isa = PBXBuildFile; fileRef = BBC2D86218316DC000FBCEA7 /* ListBlockUtility.h */; };
		BBC2D8661831A76100FBCEA7 /* SectionUtility.h in Headers */ = {isa = PBXBuildFile; fileRef = BBC2D8651831A76100FBCEA7 /* SectionUtility.h */; };
		BBCC04E618A51AA800C65A08 /* test-SymbolIdentifier.cc in Sources */ = {isa = PBXBuildFile; fileRef = BBCC04E518A51AA800C65A08 /* test-SymbolIdentifier.cc */; };
		BBCEF19218FBF7B000A0FA24 /* Version.h in Headers */ = {isa = PBXBuildFile; fileRef = BBCEF19118FBF7B000A0FA24 /* Version.h */; };
		BBD5F9C917353C310049BBEE /* ResourceGroupParser.h in Headers */ = {isa = PBXBuildFile; fileRef = BBD5F9C717353C300049BBEE /* ResourceGroupParser.h */; };
		BBD5F9CE17353CE00049BBEE /* ResourceParser.h in Headers */ = {isa = PBXBuildFile; fileRef = BBD5F9CC17353CE00049BBEE /* ResourceParser.h */; };
		BBD5F9D21735439B0049BBEE /* ParserCore.cc in Sources */ = {isa = PBXBuildFile; fileRef = BBD5F9D11735439B0049BBEE /* ParserCore.cc */; };
		BBD5F9DC173561DA0049BBEE /* test-ResouceGroupParser.cc in Sources */ = {isa = PBXBuildFile; fileRef = BBD5F9DB173561DA0049BBEE /* test-ResouceGroupParser.cc */; };
		BBD5F9DE173578210049BBEE /* test-ResourceParser.cc in Sources */ = {isa = PBXBuildFile; fileRef = BBD5F9DD173578210049BBEE /* test-ResourceParser.cc */; };
		BBE53561174132B100BCA7AD /* Serialize.h in Headers */ = {isa = PBXBuildFile; fileRef = BBE5355B174132B100BCA7AD /* Serialize.h */; };
		BBE53562174132B100BCA7AD /* SerializeJSON.h in Headers */ = {isa = PBXBuildFile; fileRef = BBE5355C174132B100BCA7AD /* SerializeJSON.h */; };
		BBE53563174132B100BCA7AD /* SerializeYAML.h in Headers */ = {isa = PBXBuildFile; fileRef = BBE5355D174132B100BCA7AD /* SerializeYAML.h */; };
		BBE53564174132B100BCA7AD /* Serialize.cc in Sources */ = {isa = PBXBuildFile; fileRef = BBE5355E174132B100BCA7AD /* Serialize.cc */; };
		BBE53565174132B100BCA7AD /* SerializeJSON.cc in Sources */ = {isa = PBXBuildFile; fileRef = BBE5355F174132B100BCA7AD /* SerializeJSON.cc */; };
		BBE53566174132B100BCA7AD /* SerializeYAML.cc in Sources */ = {isa = PBXBuildFile; fileRef = BBE53560174132B100BCA7AD /* SerializeYAML.cc */; };
		BBE5705D173922B70086CE22 /* test-PayloadParser.cc in Sources */ = {isa = PBXBuildFile; fileRef = BBE5705C173922B70086CE22 /* test-PayloadParser.cc */; };
		BBE57061173927870086CE22 /* PayloadParser.h in Headers */ = {isa = PBXBuildFile; fileRef = BBE5705F173927870086CE22 /* PayloadParser.h */; };
		BBF46B921824554A009029DA /* BlueprintSection.h in Headers */ = {isa = PBXBuildFile; fileRef = BBF46B911824554A009029DA /* BlueprintSection.h */; };
		BBFF48CA170B3C49001E5FB2 /* test-snowcrash.cc in Sources */ = {isa = PBXBuildFile; fileRef = BBFF48C9170B3C49001E5FB2 /* test-snowcrash.cc */; };
		BBFF48CD170B3EDE001E5FB2 /* snowcrash.cc in Sources */ = {isa = PBXBuildFile; fileRef = BBFF48CC170B3EDE001E5FB2 /* snowcrash.cc */; };
		BBFF48D0170B3FBB001E5FB2 /* libsnowcrash.a in Frameworks */ = {isa = PBXBuildFile; fileRef = BBFF4898170B34E6001E5FB2 /* libsnowcrash.a */; };
		BBFF48D2170B4224001E5FB2 /* snowcrash.h in Headers */ = {isa = PBXBuildFile; fileRef = BBFF48D1170B4224001E5FB2 /* snowcrash.h */; };
		BBFF48D6170C4F30001E5FB2 /* Blueprint.h in Headers */ = {isa = PBXBuildFile; fileRef = BBFF48D4170C4F30001E5FB2 /* Blueprint.h */; };
		BBFF48D9170C57F1001E5FB2 /* test-Blueprint.cc in Sources */ = {isa = PBXBuildFile; fileRef = BBFF48D7170C57F1001E5FB2 /* test-Blueprint.cc */; };
/* End PBXBuildFile section */

/* Begin PBXContainerItemProxy section */
		BB05B9DC18044CA100243E1B /* PBXContainerItemProxy */ = {
			isa = PBXContainerItemProxy;
			containerPortal = BBFF4890170B34E6001E5FB2 /* Project object */;
			proxyType = 1;
			remoteGlobalIDString = BBFF4897170B34E6001E5FB2;
			remoteInfo = libsnowcrash;
		};
		BB4D8E55172D15AA0024EB04 /* PBXContainerItemProxy */ = {
			isa = PBXContainerItemProxy;
			containerPortal = BBFF4890170B34E6001E5FB2 /* Project object */;
			proxyType = 1;
			remoteGlobalIDString = BBFF4897170B34E6001E5FB2;
			remoteInfo = libsnowcrash;
		};
/* End PBXContainerItemProxy section */

/* Begin PBXCopyFilesBuildPhase section */
		BB05B9CC180448E300243E1B /* CopyFiles */ = {
			isa = PBXCopyFilesBuildPhase;
			buildActionMask = 2147483647;
			dstPath = /usr/share/man/man1/;
			dstSubfolderSpec = 0;
			files = (
			);
			runOnlyForDeploymentPostprocessing = 1;
		};
		BBA25665172BFE4C00C1AD5E /* CopyFiles */ = {
			isa = PBXCopyFilesBuildPhase;
			buildActionMask = 2147483647;
			dstPath = /usr/share/man/man1/;
			dstSubfolderSpec = 0;
			files = (
			);
			runOnlyForDeploymentPostprocessing = 1;
		};
		BBFF48BE170B3C30001E5FB2 /* CopyFiles */ = {
			isa = PBXCopyFilesBuildPhase;
			buildActionMask = 2147483647;
			dstPath = /usr/share/man/man1/;
			dstSubfolderSpec = 0;
			files = (
			);
			runOnlyForDeploymentPostprocessing = 1;
		};
/* End PBXCopyFilesBuildPhase section */

/* Begin PBXFileReference section */
		BB03DC6417D3717B00C51E52 /* ParametersParser.h */ = {isa = PBXFileReference; lastKnownFileType = sourcecode.c.h; lineEnding = 0; name = ParametersParser.h; path = src/ParametersParser.h; sourceTree = "<group>"; xcLanguageSpecificationIdentifier = xcode.lang.objcpp; };
		BB03DC6517D3718D00C51E52 /* test-ParametersParser.cc */ = {isa = PBXFileReference; fileEncoding = 4; lastKnownFileType = sourcecode.cpp.cpp; name = "test-ParametersParser.cc"; path = "test/test-ParametersParser.cc"; sourceTree = "<group>"; };
		BB03DC6717D3721600C51E52 /* ParameterDefinitonParser.h */ = {isa = PBXFileReference; lastKnownFileType = sourcecode.c.h; lineEnding = 0; name = ParameterDefinitonParser.h; path = src/ParameterDefinitonParser.h; sourceTree = "<group>"; xcLanguageSpecificationIdentifier = xcode.lang.objcpp; };
		BB03DC6817D3723300C51E52 /* test-ParameterDefinitonParser.cc */ = {isa = PBXFileReference; fileEncoding = 4; lastKnownFileType = sourcecode.cpp.cpp; lineEnding = 0; name = "test-ParameterDefinitonParser.cc"; path = "test/test-ParameterDefinitonParser.cc"; sourceTree = "<group>"; xcLanguageSpecificationIdentifier = xcode.lang.cpp; };
		BB05B9CE180448E300243E1B /* perf-libsnowcrash */ = {isa = PBXFileReference; explicitFileType = "compiled.mach-o.executable"; includeInIndex = 0; path = "perf-libsnowcrash"; sourceTree = BUILT_PRODUCTS_DIR; };
		BB05B9D71804493500243E1B /* perf-snowcrash.cc */ = {isa = PBXFileReference; fileEncoding = 4; lastKnownFileType = sourcecode.cpp.cpp; name = "perf-snowcrash.cc"; path = "test/performance/perf-snowcrash.cc"; sourceTree = SOURCE_ROOT; };
		BB0793BE1782C773005BB7CC /* Platform.h */ = {isa = PBXFileReference; lastKnownFileType = sourcecode.c.h; name = Platform.h; path = src/Platform.h; sourceTree = "<group>"; };
		BB1112C5196A8870000F5224 /* test-UriTemplateParser.cc */ = {isa = PBXFileReference; fileEncoding = 4; lastKnownFileType = sourcecode.cpp.cpp; name = "test-UriTemplateParser.cc"; path = "test/test-UriTemplateParser.cc"; sourceTree = "<group>"; };
		BB1112C8196A8892000F5224 /* UriTemplateParser.cc */ = {isa = PBXFileReference; fileEncoding = 4; lastKnownFileType = sourcecode.cpp.cpp; name = UriTemplateParser.cc; path = src/UriTemplateParser.cc; sourceTree = "<group>"; };
		BB1112C9196A8892000F5224 /* UriTemplateParser.h */ = {isa = PBXFileReference; fileEncoding = 4; lastKnownFileType = sourcecode.c.h; name = UriTemplateParser.h; path = src/UriTemplateParser.h; sourceTree = "<group>"; };
		BB1865C71764D67B00756B18 /* SymbolTable.h */ = {isa = PBXFileReference; lastKnownFileType = sourcecode.c.h; lineEnding = 0; name = SymbolTable.h; path = src/SymbolTable.h; sourceTree = "<group>"; xcLanguageSpecificationIdentifier = xcode.lang.objcpp; };
		BB1865C81764DB8A00756B18 /* test-SymbolTable.cc */ = {isa = PBXFileReference; fileEncoding = 4; lastKnownFileType = sourcecode.cpp.cpp; name = "test-SymbolTable.cc"; path = "test/test-SymbolTable.cc"; sourceTree = "<group>"; };
		BB1D4D07174D0828009BCB1C /* HeaderParser.h */ = {isa = PBXFileReference; lastKnownFileType = sourcecode.c.h; lineEnding = 0; name = HeaderParser.h; path = src/HeaderParser.h; sourceTree = "<group>"; xcLanguageSpecificationIdentifier = xcode.lang.objcpp; };
		BB1D4D08174D08C3009BCB1C /* test-HeaderParser.cc */ = {isa = PBXFileReference; fileEncoding = 4; lastKnownFileType = sourcecode.cpp.cpp; name = "test-HeaderParser.cc"; path = "test/test-HeaderParser.cc"; sourceTree = "<group>"; };
		BB1EC203173FD06600CFB84A /* ListUtility.h */ = {isa = PBXFileReference; lastKnownFileType = sourcecode.c.h; lineEnding = 0; name = ListUtility.h; path = src/ListUtility.h; sourceTree = "<group>"; xcLanguageSpecificationIdentifier = xcode.lang.objcpp; };
		BB3DD973174654B8004C4077 /* AssetParser.h */ = {isa = PBXFileReference; lastKnownFileType = sourcecode.c.h; lineEnding = 0; name = AssetParser.h; path = src/AssetParser.h; sourceTree = "<group>"; xcLanguageSpecificationIdentifier = xcode.lang.objcpp; };
		BB3DD974174654FD004C4077 /* test-AssetParser.cc */ = {isa = PBXFileReference; fileEncoding = 4; lastKnownFileType = sourcecode.cpp.cpp; name = "test-AssetParser.cc"; path = "test/test-AssetParser.cc"; sourceTree = "<group>"; };
		BB45781D182326EE00D0293A /* test-Indentation.cc */ = {isa = PBXFileReference; fileEncoding = 4; lastKnownFileType = sourcecode.cpp.cpp; name = "test-Indentation.cc"; path = "test/test-Indentation.cc"; sourceTree = "<group>"; };
		BB4843D4174E30CF00F61291 /* Fixture.h */ = {isa = PBXFileReference; lastKnownFileType = sourcecode.c.h; name = Fixture.h; path = test/Fixture.h; sourceTree = "<group>"; };
		BB50F0BB17D1DB4D0002C363 /* ActionParser.h */ = {isa = PBXFileReference; lastKnownFileType = sourcecode.c.h; lineEnding = 0; name = ActionParser.h; path = src/ActionParser.h; sourceTree = "<group>"; xcLanguageSpecificationIdentifier = xcode.lang.objcpp; };
		BB50F0BC17D1DC9B0002C363 /* test-ActionParser.cc */ = {isa = PBXFileReference; lastKnownFileType = sourcecode.cpp.cpp; lineEnding = 0; name = "test-ActionParser.cc"; path = "test/test-ActionParser.cc"; sourceTree = "<group>"; xcLanguageSpecificationIdentifier = xcode.lang.cpp; };
		BB69029F196AAB1200B7DF76 /* CBlueprint.cc */ = {isa = PBXFileReference; fileEncoding = 4; lastKnownFileType = sourcecode.cpp.cpp; name = CBlueprint.cc; path = src/CBlueprint.cc; sourceTree = "<group>"; };
		BB6902A0196AAB1200B7DF76 /* CBlueprint.h */ = {isa = PBXFileReference; fileEncoding = 4; lastKnownFileType = sourcecode.c.h; name = CBlueprint.h; path = src/CBlueprint.h; sourceTree = "<group>"; };
		BB6902A1196AAB1200B7DF76 /* csnowcrash.cc */ = {isa = PBXFileReference; fileEncoding = 4; lastKnownFileType = sourcecode.cpp.cpp; name = csnowcrash.cc; path = src/csnowcrash.cc; sourceTree = "<group>"; };
		BB6902A2196AAB1200B7DF76 /* csnowcrash.h */ = {isa = PBXFileReference; fileEncoding = 4; lastKnownFileType = sourcecode.c.h; name = csnowcrash.h; path = src/csnowcrash.h; sourceTree = "<group>"; };
		BB6902A3196AAB1200B7DF76 /* CSourceAnnotation.cc */ = {isa = PBXFileReference; fileEncoding = 4; lastKnownFileType = sourcecode.cpp.cpp; name = CSourceAnnotation.cc; path = src/CSourceAnnotation.cc; sourceTree = "<group>"; };
		BB6902A4196AAB1200B7DF76 /* CSourceAnnotation.h */ = {isa = PBXFileReference; fileEncoding = 4; lastKnownFileType = sourcecode.c.h; name = CSourceAnnotation.h; path = src/CSourceAnnotation.h; sourceTree = "<group>"; };
		BB6902AB196AAB5100B7DF76 /* test-csnowcrash.cc */ = {isa = PBXFileReference; fileEncoding = 4; lastKnownFileType = sourcecode.cpp.cpp; name = "test-csnowcrash.cc"; path = "test/test-csnowcrash.cc"; sourceTree = "<group>"; };
		BB6A9A7F17904C7300B2F283 /* SourceAnnotation.h */ = {isa = PBXFileReference; lastKnownFileType = sourcecode.c.h; lineEnding = 0; name = SourceAnnotation.h; path = src/SourceAnnotation.h; sourceTree = "<group>"; xcLanguageSpecificationIdentifier = xcode.lang.objcpp; };
		BB740991171C05B20023105F /* MarkdownParser.cc */ = {isa = PBXFileReference; fileEncoding = 4; lastKnownFileType = sourcecode.cpp.cpp; lineEnding = 0; name = MarkdownParser.cc; path = src/MarkdownParser.cc; sourceTree = "<group>"; xcLanguageSpecificationIdentifier = xcode.lang.cpp; };
		BB740992171C05B20023105F /* MarkdownParser.h */ = {isa = PBXFileReference; fileEncoding = 4; lastKnownFileType = sourcecode.c.h; lineEnding = 0; name = MarkdownParser.h; path = src/MarkdownParser.h; sourceTree = "<group>"; xcLanguageSpecificationIdentifier = xcode.lang.objcpp; };
		BB740995171C065C0023105F /* MarkdownBlock.cc */ = {isa = PBXFileReference; fileEncoding = 4; lastKnownFileType = sourcecode.cpp.cpp; name = MarkdownBlock.cc; path = src/MarkdownBlock.cc; sourceTree = "<group>"; };
		BB740996171C065C0023105F /* MarkdownBlock.h */ = {isa = PBXFileReference; fileEncoding = 4; lastKnownFileType = sourcecode.c.h; name = MarkdownBlock.h; path = src/MarkdownBlock.h; sourceTree = "<group>"; };
		BB740999171C08240023105F /* test-MarkdownBlock.cc */ = {isa = PBXFileReference; fileEncoding = 4; lastKnownFileType = sourcecode.cpp.cpp; name = "test-MarkdownBlock.cc"; path = "test/test-MarkdownBlock.cc"; sourceTree = "<group>"; };
		BB74099B171C08850023105F /* test-MarkdownParser.cc */ = {isa = PBXFileReference; fileEncoding = 4; lastKnownFileType = sourcecode.cpp.cpp; lineEnding = 0; name = "test-MarkdownParser.cc"; path = "test/test-MarkdownParser.cc"; sourceTree = "<group>"; xcLanguageSpecificationIdentifier = xcode.lang.cpp; };
		BB810F771779AB2F00B89CD8 /* cmdline.h */ = {isa = PBXFileReference; lastKnownFileType = sourcecode.c.h; lineEnding = 0; name = cmdline.h; path = cmdline/cmdline.h; sourceTree = "<group>"; xcLanguageSpecificationIdentifier = xcode.lang.objcpp; };
		BB86DEC01723E3A700063644 /* src_map.c */ = {isa = PBXFileReference; fileEncoding = 4; lastKnownFileType = sourcecode.c.c; name = src_map.c; path = sundown/src/src_map.c; sourceTree = "<group>"; };
		BB86DEC21723E3C600063644 /* src_map.h */ = {isa = PBXFileReference; fileEncoding = 4; lastKnownFileType = sourcecode.c.h; name = src_map.h; path = sundown/src/src_map.h; sourceTree = "<group>"; };
		BB89458C17817B5B0079084F /* RegexMatch.cc */ = {isa = PBXFileReference; fileEncoding = 4; lastKnownFileType = sourcecode.cpp.cpp; name = RegexMatch.cc; path = src/win/RegexMatch.cc; sourceTree = "<group>"; };
		BB8AEFD717D899B900298807 /* test-ListUtility.cc */ = {isa = PBXFileReference; fileEncoding = 4; lastKnownFileType = sourcecode.cpp.cpp; name = "test-ListUtility.cc"; path = "test/test-ListUtility.cc"; sourceTree = "<group>"; };
		BB92D88F178EF4160098A63C /* HTTP.h */ = {isa = PBXFileReference; lastKnownFileType = sourcecode.c.h; name = HTTP.h; path = src/HTTP.h; sourceTree = "<group>"; };
		BB92D890178EF7C10098A63C /* HTTP.cc */ = {isa = PBXFileReference; fileEncoding = 4; lastKnownFileType = sourcecode.cpp.cpp; name = HTTP.cc; path = src/HTTP.cc; sourceTree = "<group>"; };
		BB92D892178EFA370098A63C /* BlueprintUtility.h */ = {isa = PBXFileReference; lastKnownFileType = sourcecode.c.h; lineEnding = 0; name = BlueprintUtility.h; path = src/BlueprintUtility.h; sourceTree = "<group>"; xcLanguageSpecificationIdentifier = xcode.lang.objcpp; };
		BB9E7029183342CB00ED5806 /* test-Warnings.cc */ = {isa = PBXFileReference; fileEncoding = 4; lastKnownFileType = sourcecode.cpp.cpp; name = "test-Warnings.cc"; path = "test/test-Warnings.cc"; sourceTree = "<group>"; };
		BBA01FF817292F9C0050B603 /* test-BlueprintParser.cc */ = {isa = PBXFileReference; fileEncoding = 4; lastKnownFileType = sourcecode.cpp.cpp; lineEnding = 0; name = "test-BlueprintParser.cc"; path = "test/test-BlueprintParser.cc"; sourceTree = "<group>"; xcLanguageSpecificationIdentifier = xcode.lang.cpp; };
		BBA25667172BFE4C00C1AD5E /* snowcrash */ = {isa = PBXFileReference; explicitFileType = "compiled.mach-o.executable"; includeInIndex = 0; path = snowcrash; sourceTree = BUILT_PRODUCTS_DIR; };
		BBA25670172BFEB800C1AD5E /* snowcrash.cc */ = {isa = PBXFileReference; fileEncoding = 4; lastKnownFileType = sourcecode.cpp.cpp; lineEnding = 0; name = snowcrash.cc; path = src/snowcrash/snowcrash.cc; sourceTree = SOURCE_ROOT; xcLanguageSpecificationIdentifier = xcode.lang.cpp; };
		BBA889A51712FF37005A9570 /* Parser.cc */ = {isa = PBXFileReference; fileEncoding = 4; lastKnownFileType = sourcecode.cpp.cpp; lineEnding = 0; name = Parser.cc; path = src/Parser.cc; sourceTree = "<group>"; xcLanguageSpecificationIdentifier = xcode.lang.cpp; };
		BBA889A61712FF37005A9570 /* Parser.h */ = {isa = PBXFileReference; fileEncoding = 4; lastKnownFileType = sourcecode.c.h; lineEnding = 0; name = Parser.h; path = src/Parser.h; sourceTree = "<group>"; xcLanguageSpecificationIdentifier = xcode.lang.objcpp; };
		BBA889A917130239005A9570 /* test-Parser.cc */ = {isa = PBXFileReference; fileEncoding = 4; lastKnownFileType = sourcecode.cpp.cpp; lineEnding = 0; name = "test-Parser.cc"; path = "test/test-Parser.cc"; sourceTree = "<group>"; xcLanguageSpecificationIdentifier = xcode.lang.cpp; };
		BBA889AC17131AFF005A9570 /* autolink.c */ = {isa = PBXFileReference; fileEncoding = 4; lastKnownFileType = sourcecode.c.c; lineEnding = 0; name = autolink.c; path = sundown/src/autolink.c; sourceTree = "<group>"; xcLanguageSpecificationIdentifier = xcode.lang.c; };
		BBA889AD17131AFF005A9570 /* autolink.h */ = {isa = PBXFileReference; fileEncoding = 4; lastKnownFileType = sourcecode.c.h; name = autolink.h; path = sundown/src/autolink.h; sourceTree = "<group>"; };
		BBA889AE17131AFF005A9570 /* buffer.c */ = {isa = PBXFileReference; fileEncoding = 4; lastKnownFileType = sourcecode.c.c; name = buffer.c; path = sundown/src/buffer.c; sourceTree = "<group>"; };
		BBA889AF17131AFF005A9570 /* buffer.h */ = {isa = PBXFileReference; fileEncoding = 4; lastKnownFileType = sourcecode.c.h; name = buffer.h; path = sundown/src/buffer.h; sourceTree = "<group>"; };
		BBA889B017131AFF005A9570 /* html_blocks.h */ = {isa = PBXFileReference; fileEncoding = 4; lastKnownFileType = sourcecode.c.h; lineEnding = 0; name = html_blocks.h; path = sundown/src/html_blocks.h; sourceTree = "<group>"; xcLanguageSpecificationIdentifier = xcode.lang.objcpp; };
		BBA889B117131AFF005A9570 /* markdown.c */ = {isa = PBXFileReference; fileEncoding = 4; lastKnownFileType = sourcecode.c.c; lineEnding = 0; name = markdown.c; path = sundown/src/markdown.c; sourceTree = "<group>"; xcLanguageSpecificationIdentifier = xcode.lang.c; };
		BBA889B217131AFF005A9570 /* markdown.h */ = {isa = PBXFileReference; fileEncoding = 4; lastKnownFileType = sourcecode.c.h; name = markdown.h; path = sundown/src/markdown.h; sourceTree = "<group>"; };
		BBA889B317131AFF005A9570 /* stack.c */ = {isa = PBXFileReference; fileEncoding = 4; lastKnownFileType = sourcecode.c.c; name = stack.c; path = sundown/src/stack.c; sourceTree = "<group>"; };
		BBA889B417131AFF005A9570 /* stack.h */ = {isa = PBXFileReference; fileEncoding = 4; lastKnownFileType = sourcecode.c.h; name = stack.h; path = sundown/src/stack.h; sourceTree = "<group>"; };
		BBA889BF17131B19005A9570 /* houdini.h */ = {isa = PBXFileReference; fileEncoding = 4; lastKnownFileType = sourcecode.c.h; name = houdini.h; path = sundown/html/houdini.h; sourceTree = "<group>"; };
		BBA889C017131B19005A9570 /* html.h */ = {isa = PBXFileReference; fileEncoding = 4; lastKnownFileType = sourcecode.c.h; name = html.h; path = sundown/html/html.h; sourceTree = "<group>"; };
		BBA889C117131B19005A9570 /* houdini_href_e.c */ = {isa = PBXFileReference; fileEncoding = 4; lastKnownFileType = sourcecode.c.c; lineEnding = 0; name = houdini_href_e.c; path = sundown/html/houdini_href_e.c; sourceTree = "<group>"; xcLanguageSpecificationIdentifier = xcode.lang.c; };
		BBA889C217131B19005A9570 /* houdini_html_e.c */ = {isa = PBXFileReference; fileEncoding = 4; lastKnownFileType = sourcecode.c.c; name = houdini_html_e.c; path = sundown/html/houdini_html_e.c; sourceTree = "<group>"; };
		BBA889C317131B19005A9570 /* html_smartypants.c */ = {isa = PBXFileReference; fileEncoding = 4; lastKnownFileType = sourcecode.c.c; lineEnding = 0; name = html_smartypants.c; path = sundown/html/html_smartypants.c; sourceTree = "<group>"; xcLanguageSpecificationIdentifier = xcode.lang.c; };
		BBA889C417131B19005A9570 /* html.c */ = {isa = PBXFileReference; fileEncoding = 4; lastKnownFileType = sourcecode.c.c; lineEnding = 0; name = html.c; path = sundown/html/html.c; sourceTree = "<group>"; xcLanguageSpecificationIdentifier = xcode.lang.c; };
		BBA91DC0171D402600649B05 /* BlueprintParser.h */ = {isa = PBXFileReference; fileEncoding = 4; lastKnownFileType = sourcecode.c.h; lineEnding = 0; name = BlueprintParser.h; path = src/BlueprintParser.h; sourceTree = "<group>"; xcLanguageSpecificationIdentifier = xcode.lang.objcpp; };
		BBB0F4271731CE0D00C92465 /* RegexMatch.cc */ = {isa = PBXFileReference; fileEncoding = 4; lastKnownFileType = sourcecode.cpp.cpp; name = RegexMatch.cc; path = src/posix/RegexMatch.cc; sourceTree = "<group>"; };
		BBB0F4281731CE0D00C92465 /* RegexMatch.h */ = {isa = PBXFileReference; fileEncoding = 4; lastKnownFileType = sourcecode.c.h; name = RegexMatch.h; path = src/RegexMatch.h; sourceTree = "<group>"; };
		BBB0F42B1731D04900C92465 /* test-RegexMatch.cc */ = {isa = PBXFileReference; fileEncoding = 4; lastKnownFileType = sourcecode.cpp.cpp; name = "test-RegexMatch.cc"; path = "test/test-RegexMatch.cc"; sourceTree = "<group>"; };
		BBB2A226173EA77A0020C1CE /* StringUtility.h */ = {isa = PBXFileReference; lastKnownFileType = sourcecode.c.h; name = StringUtility.h; path = src/StringUtility.h; sourceTree = "<group>"; };
		BBC2D85E18301FEC00FBCEA7 /* CodeBlockUtility.h */ = {isa = PBXFileReference; fileEncoding = 4; lastKnownFileType = sourcecode.c.h; name = CodeBlockUtility.h; path = src/CodeBlockUtility.h; sourceTree = "<group>"; };
		BBC2D860183024C100FBCEA7 /* DescriptionSectionUtility.h */ = {isa = PBXFileReference; fileEncoding = 4; lastKnownFileType = sourcecode.c.h; lineEnding = 0; name = DescriptionSectionUtility.h; path = src/DescriptionSectionUtility.h; sourceTree = "<group>"; xcLanguageSpecificationIdentifier = xcode.lang.objcpp; };
		BBC2D86218316DC000FBCEA7 /* ListBlockUtility.h */ = {isa = PBXFileReference; fileEncoding = 4; lastKnownFileType = sourcecode.c.h; name = ListBlockUtility.h; path = src/ListBlockUtility.h; sourceTree = "<group>"; };
		BBC2D8641831901400FBCEA7 /* BlockUtility.h */ = {isa = PBXFileReference; lastKnownFileType = sourcecode.c.h; name = BlockUtility.h; path = src/BlockUtility.h; sourceTree = "<group>"; };
		BBC2D8651831A76100FBCEA7 /* SectionUtility.h */ = {isa = PBXFileReference; fileEncoding = 4; lastKnownFileType = sourcecode.c.h; name = SectionUtility.h; path = src/SectionUtility.h; sourceTree = "<group>"; };
		BBCC04E518A51AA800C65A08 /* test-SymbolIdentifier.cc */ = {isa = PBXFileReference; fileEncoding = 4; lastKnownFileType = sourcecode.cpp.cpp; name = "test-SymbolIdentifier.cc"; path = "test/test-SymbolIdentifier.cc"; sourceTree = "<group>"; };
		BBCEF19118FBF7B000A0FA24 /* Version.h */ = {isa = PBXFileReference; fileEncoding = 4; lastKnownFileType = sourcecode.c.h; name = Version.h; path = src/Version.h; sourceTree = "<group>"; };
		BBD5F9C717353C300049BBEE /* ResourceGroupParser.h */ = {isa = PBXFileReference; fileEncoding = 4; lastKnownFileType = sourcecode.c.h; lineEnding = 0; name = ResourceGroupParser.h; path = src/ResourceGroupParser.h; sourceTree = "<group>"; xcLanguageSpecificationIdentifier = xcode.lang.objcpp; };
		BBD5F9CC17353CE00049BBEE /* ResourceParser.h */ = {isa = PBXFileReference; fileEncoding = 4; lastKnownFileType = sourcecode.c.h; lineEnding = 0; name = ResourceParser.h; path = src/ResourceParser.h; sourceTree = "<group>"; xcLanguageSpecificationIdentifier = xcode.lang.objcpp; };
		BBD5F9CF1735413A0049BBEE /* BlueprintParserCore.h */ = {isa = PBXFileReference; lastKnownFileType = sourcecode.c.h; lineEnding = 0; name = BlueprintParserCore.h; path = src/BlueprintParserCore.h; sourceTree = "<group>"; xcLanguageSpecificationIdentifier = xcode.lang.objcpp; };
		BBD5F9D0173542D60049BBEE /* ParserCore.h */ = {isa = PBXFileReference; lastKnownFileType = sourcecode.c.h; name = ParserCore.h; path = src/ParserCore.h; sourceTree = "<group>"; };
		BBD5F9D11735439B0049BBEE /* ParserCore.cc */ = {isa = PBXFileReference; fileEncoding = 4; lastKnownFileType = sourcecode.cpp.cpp; name = ParserCore.cc; path = src/ParserCore.cc; sourceTree = "<group>"; };
		BBD5F9DB173561DA0049BBEE /* test-ResouceGroupParser.cc */ = {isa = PBXFileReference; fileEncoding = 4; lastKnownFileType = sourcecode.cpp.cpp; lineEnding = 0; name = "test-ResouceGroupParser.cc"; path = "test/test-ResouceGroupParser.cc"; sourceTree = "<group>"; xcLanguageSpecificationIdentifier = xcode.lang.cpp; };
		BBD5F9DD173578210049BBEE /* test-ResourceParser.cc */ = {isa = PBXFileReference; fileEncoding = 4; lastKnownFileType = sourcecode.cpp.cpp; lineEnding = 0; name = "test-ResourceParser.cc"; path = "test/test-ResourceParser.cc"; sourceTree = "<group>"; xcLanguageSpecificationIdentifier = xcode.lang.cpp; };
		BBE5355B174132B100BCA7AD /* Serialize.h */ = {isa = PBXFileReference; fileEncoding = 4; lastKnownFileType = sourcecode.c.h; name = Serialize.h; path = src/Serialize.h; sourceTree = "<group>"; };
		BBE5355C174132B100BCA7AD /* SerializeJSON.h */ = {isa = PBXFileReference; fileEncoding = 4; lastKnownFileType = sourcecode.c.h; name = SerializeJSON.h; path = src/SerializeJSON.h; sourceTree = "<group>"; };
		BBE5355D174132B100BCA7AD /* SerializeYAML.h */ = {isa = PBXFileReference; fileEncoding = 4; lastKnownFileType = sourcecode.c.h; name = SerializeYAML.h; path = src/SerializeYAML.h; sourceTree = "<group>"; };
		BBE5355E174132B100BCA7AD /* Serialize.cc */ = {isa = PBXFileReference; fileEncoding = 4; lastKnownFileType = sourcecode.cpp.cpp; name = Serialize.cc; path = src/Serialize.cc; sourceTree = "<group>"; };
		BBE5355F174132B100BCA7AD /* SerializeJSON.cc */ = {isa = PBXFileReference; fileEncoding = 4; lastKnownFileType = sourcecode.cpp.cpp; lineEnding = 0; name = SerializeJSON.cc; path = src/SerializeJSON.cc; sourceTree = "<group>"; xcLanguageSpecificationIdentifier = xcode.lang.cpp; };
		BBE53560174132B100BCA7AD /* SerializeYAML.cc */ = {isa = PBXFileReference; fileEncoding = 4; lastKnownFileType = sourcecode.cpp.cpp; lineEnding = 0; name = SerializeYAML.cc; path = src/SerializeYAML.cc; sourceTree = "<group>"; xcLanguageSpecificationIdentifier = xcode.lang.cpp; };
		BBE5705C173922B70086CE22 /* test-PayloadParser.cc */ = {isa = PBXFileReference; fileEncoding = 4; lastKnownFileType = sourcecode.cpp.cpp; name = "test-PayloadParser.cc"; path = "test/test-PayloadParser.cc"; sourceTree = "<group>"; };
		BBE5705F173927870086CE22 /* PayloadParser.h */ = {isa = PBXFileReference; fileEncoding = 4; lastKnownFileType = sourcecode.c.h; lineEnding = 0; name = PayloadParser.h; path = src/PayloadParser.h; sourceTree = "<group>"; xcLanguageSpecificationIdentifier = xcode.lang.objcpp; };
		BBF46B911824554A009029DA /* BlueprintSection.h */ = {isa = PBXFileReference; fileEncoding = 4; lastKnownFileType = sourcecode.c.h; name = BlueprintSection.h; path = src/BlueprintSection.h; sourceTree = "<group>"; };
		BBFF4898170B34E6001E5FB2 /* libsnowcrash.a */ = {isa = PBXFileReference; explicitFileType = archive.ar; includeInIndex = 0; path = libsnowcrash.a; sourceTree = BUILT_PRODUCTS_DIR; };
		BBFF48C0170B3C30001E5FB2 /* test-libsnowcrash */ = {isa = PBXFileReference; explicitFileType = "compiled.mach-o.executable"; includeInIndex = 0; path = "test-libsnowcrash"; sourceTree = BUILT_PRODUCTS_DIR; };
		BBFF48C9170B3C49001E5FB2 /* test-snowcrash.cc */ = {isa = PBXFileReference; fileEncoding = 4; lastKnownFileType = sourcecode.cpp.cpp; name = "test-snowcrash.cc"; path = "test/test-snowcrash.cc"; sourceTree = "<group>"; };
		BBFF48CC170B3EDE001E5FB2 /* snowcrash.cc */ = {isa = PBXFileReference; fileEncoding = 4; lastKnownFileType = sourcecode.cpp.cpp; name = snowcrash.cc; path = src/snowcrash.cc; sourceTree = "<group>"; };
		BBFF48D1170B4224001E5FB2 /* snowcrash.h */ = {isa = PBXFileReference; fileEncoding = 4; lastKnownFileType = sourcecode.c.h; name = snowcrash.h; path = src/snowcrash.h; sourceTree = "<group>"; };
		BBFF48D4170C4F30001E5FB2 /* Blueprint.h */ = {isa = PBXFileReference; fileEncoding = 4; lastKnownFileType = sourcecode.c.h; lineEnding = 0; name = Blueprint.h; path = src/Blueprint.h; sourceTree = "<group>"; xcLanguageSpecificationIdentifier = xcode.lang.objcpp; };
		BBFF48D7170C57F1001E5FB2 /* test-Blueprint.cc */ = {isa = PBXFileReference; fileEncoding = 4; lastKnownFileType = sourcecode.cpp.cpp; name = "test-Blueprint.cc"; path = "test/test-Blueprint.cc"; sourceTree = "<group>"; };
/* End PBXFileReference section */

/* Begin PBXFrameworksBuildPhase section */
		BB05B9CB180448E300243E1B /* Frameworks */ = {
			isa = PBXFrameworksBuildPhase;
			buildActionMask = 2147483647;
			files = (
				BB05B9D918044C8200243E1B /* libsnowcrash.a in Frameworks */,
			);
			runOnlyForDeploymentPostprocessing = 0;
		};
		BBA25664172BFE4C00C1AD5E /* Frameworks */ = {
			isa = PBXFrameworksBuildPhase;
			buildActionMask = 2147483647;
			files = (
				BB4D8E57172D15CA0024EB04 /* libsnowcrash.a in Frameworks */,
			);
			runOnlyForDeploymentPostprocessing = 0;
		};
		BBFF4895170B34E6001E5FB2 /* Frameworks */ = {
			isa = PBXFrameworksBuildPhase;
			buildActionMask = 2147483647;
			files = (
			);
			runOnlyForDeploymentPostprocessing = 0;
		};
		BBFF48BD170B3C30001E5FB2 /* Frameworks */ = {
			isa = PBXFrameworksBuildPhase;
			buildActionMask = 2147483647;
			files = (
				BBFF48D0170B3FBB001E5FB2 /* libsnowcrash.a in Frameworks */,
			);
			runOnlyForDeploymentPostprocessing = 0;
		};
/* End PBXFrameworksBuildPhase section */

/* Begin PBXGroup section */
		BB05B9CF180448E300243E1B /* perf-libsnowcrash */ = {
			isa = PBXGroup;
			children = (
				BB05B9D71804493500243E1B /* perf-snowcrash.cc */,
			);
			name = "perf-libsnowcrash";
			path = "perf-snowcrash";
			sourceTree = "<group>";
		};
		BB810F781779AB5400B89CD8 /* cmdline */ = {
			isa = PBXGroup;
			children = (
				BB810F771779AB2F00B89CD8 /* cmdline.h */,
			);
			name = cmdline;
			sourceTree = "<group>";
		};
		BB89458B17817B240079084F /* posix */ = {
			isa = PBXGroup;
			children = (
				BBB0F4271731CE0D00C92465 /* RegexMatch.cc */,
			);
			name = posix;
			sourceTree = "<group>";
		};
		BB89458E17817B720079084F /* win */ = {
			isa = PBXGroup;
			children = (
				BB89458C17817B5B0079084F /* RegexMatch.cc */,
			);
			name = win;
			sourceTree = "<group>";
		};
		BBA889AB17131AEB005A9570 /* sundown */ = {
			isa = PBXGroup;
			children = (
				BBA889BE17131B06005A9570 /* html */,
				BBA889AC17131AFF005A9570 /* autolink.c */,
				BBA889AD17131AFF005A9570 /* autolink.h */,
				BBA889AE17131AFF005A9570 /* buffer.c */,
				BBA889AF17131AFF005A9570 /* buffer.h */,
				BBA889B017131AFF005A9570 /* html_blocks.h */,
				BBA889B117131AFF005A9570 /* markdown.c */,
				BBA889B217131AFF005A9570 /* markdown.h */,
				BB86DEC01723E3A700063644 /* src_map.c */,
				BB86DEC21723E3C600063644 /* src_map.h */,
				BBA889B317131AFF005A9570 /* stack.c */,
				BBA889B417131AFF005A9570 /* stack.h */,
			);
			name = sundown;
			sourceTree = "<group>";
		};
		BBA889BE17131B06005A9570 /* html */ = {
			isa = PBXGroup;
			children = (
				BBA889BF17131B19005A9570 /* houdini.h */,
				BBA889C017131B19005A9570 /* html.h */,
				BBA889C117131B19005A9570 /* houdini_href_e.c */,
				BBA889C217131B19005A9570 /* houdini_html_e.c */,
				BBA889C317131B19005A9570 /* html_smartypants.c */,
				BBA889C417131B19005A9570 /* html.c */,
			);
			name = html;
			sourceTree = "<group>";
		};
		BBCEF19318FBF7E200A0FA24 /* snowcrash */ = {
			isa = PBXGroup;
			children = (
				BBA25670172BFEB800C1AD5E /* snowcrash.cc */,
			);
			name = snowcrash;
			sourceTree = "<group>";
		};
		BBFF488F170B34E6001E5FB2 = {
			isa = PBXGroup;
			children = (
				BB810F781779AB5400B89CD8 /* cmdline */,
				BBFF48CB170B3ECB001E5FB2 /* src */,
				BBA889AB17131AEB005A9570 /* sundown */,
				BBFF48B9170B3AF6001E5FB2 /* test-libsnowcrash */,
				BB05B9CF180448E300243E1B /* perf-libsnowcrash */,
				BBFF4899170B34E6001E5FB2 /* Products */,
			);
			sourceTree = "<group>";
		};
		BBFF4899170B34E6001E5FB2 /* Products */ = {
			isa = PBXGroup;
			children = (
				BBFF4898170B34E6001E5FB2 /* libsnowcrash.a */,
				BBFF48C0170B3C30001E5FB2 /* test-libsnowcrash */,
				BBA25667172BFE4C00C1AD5E /* snowcrash */,
				BB05B9CE180448E300243E1B /* perf-libsnowcrash */,
			);
			name = Products;
			sourceTree = "<group>";
		};
		BBFF48B9170B3AF6001E5FB2 /* test-libsnowcrash */ = {
			isa = PBXGroup;
			children = (
				BB4843D4174E30CF00F61291 /* Fixture.h */,
				BB50F0BC17D1DC9B0002C363 /* test-ActionParser.cc */,
				BB3DD974174654FD004C4077 /* test-AssetParser.cc */,
				BBFF48D7170C57F1001E5FB2 /* test-Blueprint.cc */,
				BBA01FF817292F9C0050B603 /* test-BlueprintParser.cc */,
				BB6902AB196AAB5100B7DF76 /* test-csnowcrash.cc */,
				BB1D4D08174D08C3009BCB1C /* test-HeaderParser.cc */,
				BB45781D182326EE00D0293A /* test-Indentation.cc */,
				BB8AEFD717D899B900298807 /* test-ListUtility.cc */,
				BB740999171C08240023105F /* test-MarkdownBlock.cc */,
				BB74099B171C08850023105F /* test-MarkdownParser.cc */,
				BB03DC6817D3723300C51E52 /* test-ParameterDefinitonParser.cc */,
				BB03DC6517D3718D00C51E52 /* test-ParametersParser.cc */,
				BBA889A917130239005A9570 /* test-Parser.cc */,
				BBE5705C173922B70086CE22 /* test-PayloadParser.cc */,
				BBB0F42B1731D04900C92465 /* test-RegexMatch.cc */,
				BBD5F9DB173561DA0049BBEE /* test-ResouceGroupParser.cc */,
				BBD5F9DD173578210049BBEE /* test-ResourceParser.cc */,
				BBFF48C9170B3C49001E5FB2 /* test-snowcrash.cc */,
				BBCC04E518A51AA800C65A08 /* test-SymbolIdentifier.cc */,
				BB1865C81764DB8A00756B18 /* test-SymbolTable.cc */,
				BB1112C5196A8870000F5224 /* test-UriTemplateParser.cc */,
				BB9E7029183342CB00ED5806 /* test-Warnings.cc */,
			);
			name = "test-libsnowcrash";
			sourceTree = "<group>";
		};
		BBFF48CB170B3ECB001E5FB2 /* src */ = {
			isa = PBXGroup;
			children = (
				BB50F0BB17D1DB4D0002C363 /* ActionParser.h */,
				BB3DD973174654B8004C4077 /* AssetParser.h */,
				BBC2D8641831901400FBCEA7 /* BlockUtility.h */,
				BBFF48D4170C4F30001E5FB2 /* Blueprint.h */,
				BBA91DC0171D402600649B05 /* BlueprintParser.h */,
				BBD5F9CF1735413A0049BBEE /* BlueprintParserCore.h */,
				BBF46B911824554A009029DA /* BlueprintSection.h */,
				BB92D892178EFA370098A63C /* BlueprintUtility.h */,
				BB69029F196AAB1200B7DF76 /* CBlueprint.cc */,
				BB6902A0196AAB1200B7DF76 /* CBlueprint.h */,
				BBC2D85E18301FEC00FBCEA7 /* CodeBlockUtility.h */,
				BB6902A1196AAB1200B7DF76 /* csnowcrash.cc */,
				BB6902A2196AAB1200B7DF76 /* csnowcrash.h */,
				BB6902A3196AAB1200B7DF76 /* CSourceAnnotation.cc */,
				BB6902A4196AAB1200B7DF76 /* CSourceAnnotation.h */,
				BBC2D860183024C100FBCEA7 /* DescriptionSectionUtility.h */,
				BB1D4D07174D0828009BCB1C /* HeaderParser.h */,
				BB92D890178EF7C10098A63C /* HTTP.cc */,
				BB92D88F178EF4160098A63C /* HTTP.h */,
				BBC2D86218316DC000FBCEA7 /* ListBlockUtility.h */,
				BB1EC203173FD06600CFB84A /* ListUtility.h */,
				BB740995171C065C0023105F /* MarkdownBlock.cc */,
				BB740996171C065C0023105F /* MarkdownBlock.h */,
				BB740991171C05B20023105F /* MarkdownParser.cc */,
				BB740992171C05B20023105F /* MarkdownParser.h */,
				BB03DC6717D3721600C51E52 /* ParameterDefinitonParser.h */,
				BB03DC6417D3717B00C51E52 /* ParametersParser.h */,
				BBA889A51712FF37005A9570 /* Parser.cc */,
				BBA889A61712FF37005A9570 /* Parser.h */,
				BBD5F9D11735439B0049BBEE /* ParserCore.cc */,
				BBD5F9D0173542D60049BBEE /* ParserCore.h */,
				BBE5705F173927870086CE22 /* PayloadParser.h */,
				BB0793BE1782C773005BB7CC /* Platform.h */,
				BB89458B17817B240079084F /* posix */,
				BBB0F4281731CE0D00C92465 /* RegexMatch.h */,
				BBD5F9C717353C300049BBEE /* ResourceGroupParser.h */,
				BBD5F9CC17353CE00049BBEE /* ResourceParser.h */,
				BBC2D8651831A76100FBCEA7 /* SectionUtility.h */,
				BBE5355E174132B100BCA7AD /* Serialize.cc */,
				BBE5355B174132B100BCA7AD /* Serialize.h */,
				BBE5355F174132B100BCA7AD /* SerializeJSON.cc */,
				BBE5355C174132B100BCA7AD /* SerializeJSON.h */,
				BBE53560174132B100BCA7AD /* SerializeYAML.cc */,
				BBE5355D174132B100BCA7AD /* SerializeYAML.h */,
				BBCEF19318FBF7E200A0FA24 /* snowcrash */,
				BBFF48CC170B3EDE001E5FB2 /* snowcrash.cc */,
				BBFF48D1170B4224001E5FB2 /* snowcrash.h */,
				BB6A9A7F17904C7300B2F283 /* SourceAnnotation.h */,
				BBB2A226173EA77A0020C1CE /* StringUtility.h */,
				BB1865C71764D67B00756B18 /* SymbolTable.h */,
				BB1112C8196A8892000F5224 /* UriTemplateParser.cc */,
				BB1112C9196A8892000F5224 /* UriTemplateParser.h */,
				BBCEF19118FBF7B000A0FA24 /* Version.h */,
				BB89458E17817B720079084F /* win */,
			);
			name = src;
			sourceTree = "<group>";
		};
/* End PBXGroup section */

/* Begin PBXHeadersBuildPhase section */
		BBFF4896170B34E6001E5FB2 /* Headers */ = {
			isa = PBXHeadersBuildPhase;
			buildActionMask = 2147483647;
			files = (
				BBFF48D2170B4224001E5FB2 /* snowcrash.h in Headers */,
				BB6902AA196AAB1200B7DF76 /* CSourceAnnotation.h in Headers */,
				BBFF48D6170C4F30001E5FB2 /* Blueprint.h in Headers */,
				BBA889A81712FF37005A9570 /* Parser.h in Headers */,
				BBA889B617131AFF005A9570 /* autolink.h in Headers */,
				BBA889B817131AFF005A9570 /* buffer.h in Headers */,
				BBA889B917131AFF005A9570 /* html_blocks.h in Headers */,
				BBA889BB17131AFF005A9570 /* markdown.h in Headers */,
				BBC2D8661831A76100FBCEA7 /* SectionUtility.h in Headers */,
				BBA889BD17131AFF005A9570 /* stack.h in Headers */,
				BBA889C517131B19005A9570 /* houdini.h in Headers */,
				BBA889C617131B19005A9570 /* html.h in Headers */,
				BB740994171C05B20023105F /* MarkdownParser.h in Headers */,
				BB740998171C065C0023105F /* MarkdownBlock.h in Headers */,
				BBA91DC2171D402600649B05 /* BlueprintParser.h in Headers */,
				BB86DEC31723E3C600063644 /* src_map.h in Headers */,
				BB6902A8196AAB1200B7DF76 /* csnowcrash.h in Headers */,
				BBC2D861183024C100FBCEA7 /* DescriptionSectionUtility.h in Headers */,
				BBF46B921824554A009029DA /* BlueprintSection.h in Headers */,
				BBCEF19218FBF7B000A0FA24 /* Version.h in Headers */,
				BBB0F42A1731CE0D00C92465 /* RegexMatch.h in Headers */,
				BBD5F9C917353C310049BBEE /* ResourceGroupParser.h in Headers */,
				BBC2D85F18301FEC00FBCEA7 /* CodeBlockUtility.h in Headers */,
				BBD5F9CE17353CE00049BBEE /* ResourceParser.h in Headers */,
				BB1112CB196A8892000F5224 /* UriTemplateParser.h in Headers */,
				BBE57061173927870086CE22 /* PayloadParser.h in Headers */,
				BBE53561174132B100BCA7AD /* Serialize.h in Headers */,
				BBE53562174132B100BCA7AD /* SerializeJSON.h in Headers */,
				BB6902A6196AAB1200B7DF76 /* CBlueprint.h in Headers */,
				BBC2D86318316DC000FBCEA7 /* ListBlockUtility.h in Headers */,
				BBE53563174132B100BCA7AD /* SerializeYAML.h in Headers */,
			);
			runOnlyForDeploymentPostprocessing = 0;
		};
/* End PBXHeadersBuildPhase section */

/* Begin PBXNativeTarget section */
		BB05B9CD180448E300243E1B /* perf-libsnowcrash */ = {
			isa = PBXNativeTarget;
			buildConfigurationList = BB05B9D6180448E300243E1B /* Build configuration list for PBXNativeTarget "perf-libsnowcrash" */;
			buildPhases = (
				BB05B9CA180448E300243E1B /* Sources */,
				BB05B9CB180448E300243E1B /* Frameworks */,
				BB05B9CC180448E300243E1B /* CopyFiles */,
			);
			buildRules = (
			);
			dependencies = (
				BB05B9DD18044CA100243E1B /* PBXTargetDependency */,
			);
			name = "perf-libsnowcrash";
			productName = "perf-snowcrash";
			productReference = BB05B9CE180448E300243E1B /* perf-libsnowcrash */;
			productType = "com.apple.product-type.tool";
		};
		BBA25666172BFE4C00C1AD5E /* snowcrash */ = {
			isa = PBXNativeTarget;
			buildConfigurationList = BBA2566F172BFE4C00C1AD5E /* Build configuration list for PBXNativeTarget "snowcrash" */;
			buildPhases = (
				BBA25663172BFE4C00C1AD5E /* Sources */,
				BBA25664172BFE4C00C1AD5E /* Frameworks */,
				BBA25665172BFE4C00C1AD5E /* CopyFiles */,
			);
			buildRules = (
			);
			dependencies = (
				BB4D8E56172D15AA0024EB04 /* PBXTargetDependency */,
			);
			name = snowcrash;
			productName = snowcrash;
			productReference = BBA25667172BFE4C00C1AD5E /* snowcrash */;
			productType = "com.apple.product-type.tool";
		};
		BBFF4897170B34E6001E5FB2 /* libsnowcrash */ = {
			isa = PBXNativeTarget;
			buildConfigurationList = BBFF489C170B34E6001E5FB2 /* Build configuration list for PBXNativeTarget "libsnowcrash" */;
			buildPhases = (
				BBFF4894170B34E6001E5FB2 /* Sources */,
				BBFF4895170B34E6001E5FB2 /* Frameworks */,
				BBFF4896170B34E6001E5FB2 /* Headers */,
			);
			buildRules = (
			);
			dependencies = (
			);
			name = libsnowcrash;
			productName = snowcrash;
			productReference = BBFF4898170B34E6001E5FB2 /* libsnowcrash.a */;
			productType = "com.apple.product-type.library.static";
		};
		BBFF48BF170B3C30001E5FB2 /* test-libsnowcrash */ = {
			isa = PBXNativeTarget;
			buildConfigurationList = BBFF48C6170B3C30001E5FB2 /* Build configuration list for PBXNativeTarget "test-libsnowcrash" */;
			buildPhases = (
				BBFF48BC170B3C30001E5FB2 /* Sources */,
				BBFF48BD170B3C30001E5FB2 /* Frameworks */,
				BBFF48BE170B3C30001E5FB2 /* CopyFiles */,
			);
			buildRules = (
			);
			dependencies = (
			);
			name = "test-libsnowcrash";
			productName = "test-snowcrash";
			productReference = BBFF48C0170B3C30001E5FB2 /* test-libsnowcrash */;
			productType = "com.apple.product-type.tool";
		};
/* End PBXNativeTarget section */

/* Begin PBXProject section */
		BBFF4890170B34E6001E5FB2 /* Project object */ = {
			isa = PBXProject;
			attributes = {
				LastUpgradeCheck = 0500;
				ORGANIZATIONNAME = "Apiary Inc.";
			};
			buildConfigurationList = BBFF4893170B34E6001E5FB2 /* Build configuration list for PBXProject "snowcrash" */;
			compatibilityVersion = "Xcode 3.2";
			developmentRegion = English;
			hasScannedForEncodings = 0;
			knownRegions = (
				en,
			);
			mainGroup = BBFF488F170B34E6001E5FB2;
			productRefGroup = BBFF4899170B34E6001E5FB2 /* Products */;
			projectDirPath = "";
			projectRoot = "";
			targets = (
				BBFF4897170B34E6001E5FB2 /* libsnowcrash */,
				BBFF48BF170B3C30001E5FB2 /* test-libsnowcrash */,
				BBA25666172BFE4C00C1AD5E /* snowcrash */,
				BB05B9CD180448E300243E1B /* perf-libsnowcrash */,
			);
		};
/* End PBXProject section */

/* Begin PBXSourcesBuildPhase section */
		BB05B9CA180448E300243E1B /* Sources */ = {
			isa = PBXSourcesBuildPhase;
			buildActionMask = 2147483647;
			files = (
				BB05B9D81804493500243E1B /* perf-snowcrash.cc in Sources */,
			);
			runOnlyForDeploymentPostprocessing = 0;
		};
		BBA25663172BFE4C00C1AD5E /* Sources */ = {
			isa = PBXSourcesBuildPhase;
			buildActionMask = 2147483647;
			files = (
				BBA25671172BFEB800C1AD5E /* snowcrash.cc in Sources */,
			);
			runOnlyForDeploymentPostprocessing = 0;
		};
		BBFF4894170B34E6001E5FB2 /* Sources */ = {
			isa = PBXSourcesBuildPhase;
			buildActionMask = 2147483647;
			files = (
				BBFF48CD170B3EDE001E5FB2 /* snowcrash.cc in Sources */,
				BBA889A71712FF37005A9570 /* Parser.cc in Sources */,
				BBA889B517131AFF005A9570 /* autolink.c in Sources */,
				BB6902A5196AAB1200B7DF76 /* CBlueprint.cc in Sources */,
				BBA889B717131AFF005A9570 /* buffer.c in Sources */,
				BB6902A9196AAB1200B7DF76 /* CSourceAnnotation.cc in Sources */,
				BBA889BA17131AFF005A9570 /* markdown.c in Sources */,
				BBA889BC17131AFF005A9570 /* stack.c in Sources */,
				BB92D891178EF7C10098A63C /* HTTP.cc in Sources */,
				BBA889C717131B19005A9570 /* houdini_href_e.c in Sources */,
				BBA889C817131B19005A9570 /* houdini_html_e.c in Sources */,
				BBA889C917131B19005A9570 /* html_smartypants.c in Sources */,
				BBA889CA17131B19005A9570 /* html.c in Sources */,
				BB740993171C05B20023105F /* MarkdownParser.cc in Sources */,
				BB740997171C065C0023105F /* MarkdownBlock.cc in Sources */,
				BB86DEC11723E3A700063644 /* src_map.c in Sources */,
				BBD5F9D21735439B0049BBEE /* ParserCore.cc in Sources */,
				BBE53564174132B100BCA7AD /* Serialize.cc in Sources */,
				BBE53565174132B100BCA7AD /* SerializeJSON.cc in Sources */,
				BB1112CA196A8892000F5224 /* UriTemplateParser.cc in Sources */,
				BB65939117845C2D00321230 /* RegexMatch.cc in Sources */,
				BB6902A7196AAB1200B7DF76 /* csnowcrash.cc in Sources */,
				BBE53566174132B100BCA7AD /* SerializeYAML.cc in Sources */,
			);
			runOnlyForDeploymentPostprocessing = 0;
		};
		BBFF48BC170B3C30001E5FB2 /* Sources */ = {
			isa = PBXSourcesBuildPhase;
			buildActionMask = 2147483647;
			files = (
				BBFF48CA170B3C49001E5FB2 /* test-snowcrash.cc in Sources */,
				BBFF48D9170C57F1001E5FB2 /* test-Blueprint.cc in Sources */,
				BBA889AA17130239005A9570 /* test-Parser.cc in Sources */,
				BB74099A171C08240023105F /* test-MarkdownBlock.cc in Sources */,
				BB74099C171C08860023105F /* test-MarkdownParser.cc in Sources */,
				BB167D1D172931330030D1D5 /* test-BlueprintParser.cc in Sources */,
				BB6902AD196AAB5700B7DF76 /* test-csnowcrash.cc in Sources */,
				BBB0F42C1731D04900C92465 /* test-RegexMatch.cc in Sources */,
				BBD5F9DC173561DA0049BBEE /* test-ResouceGroupParser.cc in Sources */,
				BB8AEFD817D899B900298807 /* test-ListUtility.cc in Sources */,
				BB45781E182326EE00D0293A /* test-Indentation.cc in Sources */,
				BBD5F9DE173578210049BBEE /* test-ResourceParser.cc in Sources */,
				BBE5705D173922B70086CE22 /* test-PayloadParser.cc in Sources */,
				BB03DC6617D3718D00C51E52 /* test-ParametersParser.cc in Sources */,
				BB1112C7196A8882000F5224 /* test-UriTemplateParser.cc in Sources */,
				BB50F0BD17D1DCE00002C363 /* test-ActionParser.cc in Sources */,
				BBCC04E618A51AA800C65A08 /* test-SymbolIdentifier.cc in Sources */,
				BB3DD975174654FD004C4077 /* test-AssetParser.cc in Sources */,
				BB9E702A183342CB00ED5806 /* test-Warnings.cc in Sources */,
				BB1D4D0B174D0932009BCB1C /* test-HeaderParser.cc in Sources */,
				BB03DC6917D3723300C51E52 /* test-ParameterDefinitonParser.cc in Sources */,
				BB1865C91764DB8A00756B18 /* test-SymbolTable.cc in Sources */,
			);
			runOnlyForDeploymentPostprocessing = 0;
		};
/* End PBXSourcesBuildPhase section */

/* Begin PBXTargetDependency section */
		BB05B9DD18044CA100243E1B /* PBXTargetDependency */ = {
			isa = PBXTargetDependency;
			target = BBFF4897170B34E6001E5FB2 /* libsnowcrash */;
			targetProxy = BB05B9DC18044CA100243E1B /* PBXContainerItemProxy */;
		};
		BB4D8E56172D15AA0024EB04 /* PBXTargetDependency */ = {
			isa = PBXTargetDependency;
			target = BBFF4897170B34E6001E5FB2 /* libsnowcrash */;
			targetProxy = BB4D8E55172D15AA0024EB04 /* PBXContainerItemProxy */;
		};
/* End PBXTargetDependency section */

/* Begin XCBuildConfiguration section */
		BB05B9D4180448E300243E1B /* Debug */ = {
			isa = XCBuildConfiguration;
			buildSettings = {
				CLANG_CXX_LANGUAGE_STANDARD = "gnu++0x";
				CLANG_ENABLE_OBJC_ARC = YES;
				CLANG_WARN_BOOL_CONVERSION = YES;
				CLANG_WARN_DIRECT_OBJC_ISA_USAGE = YES_ERROR;
				CLANG_WARN_OBJC_ROOT_CLASS = YES_ERROR;
				GCC_C_LANGUAGE_STANDARD = gnu99;
				GCC_DYNAMIC_NO_PIC = NO;
				GCC_ENABLE_OBJC_EXCEPTIONS = YES;
				GCC_PREPROCESSOR_DEFINITIONS = (
					"DEBUG=1",
					"$(inherited)",
				);
				GCC_SYMBOLS_PRIVATE_EXTERN = NO;
				GCC_WARN_ABOUT_RETURN_TYPE = YES_ERROR;
				GCC_WARN_UNDECLARED_SELECTOR = YES;
				GCC_WARN_UNUSED_FUNCTION = YES;
				PRODUCT_NAME = "$(TARGET_NAME)";
			};
			name = Debug;
		};
		BB05B9D5180448E300243E1B /* Release */ = {
			isa = XCBuildConfiguration;
			buildSettings = {
				CLANG_CXX_LANGUAGE_STANDARD = "gnu++0x";
				CLANG_ENABLE_OBJC_ARC = YES;
				CLANG_WARN_BOOL_CONVERSION = YES;
				CLANG_WARN_DIRECT_OBJC_ISA_USAGE = YES_ERROR;
				CLANG_WARN_OBJC_ROOT_CLASS = YES_ERROR;
				ENABLE_NS_ASSERTIONS = NO;
				GCC_C_LANGUAGE_STANDARD = gnu99;
				GCC_ENABLE_OBJC_EXCEPTIONS = YES;
				GCC_WARN_ABOUT_RETURN_TYPE = YES_ERROR;
				GCC_WARN_UNDECLARED_SELECTOR = YES;
				GCC_WARN_UNUSED_FUNCTION = YES;
				PRODUCT_NAME = "$(TARGET_NAME)";
			};
			name = Release;
		};
		BBA2566D172BFE4C00C1AD5E /* Debug */ = {
			isa = XCBuildConfiguration;
			buildSettings = {
				PRODUCT_NAME = "$(TARGET_NAME)";
			};
			name = Debug;
		};
		BBA2566E172BFE4C00C1AD5E /* Release */ = {
			isa = XCBuildConfiguration;
			buildSettings = {
				PRODUCT_NAME = "$(TARGET_NAME)";
			};
			name = Release;
		};
		BBFF489A170B34E6001E5FB2 /* Debug */ = {
			isa = XCBuildConfiguration;
			buildSettings = {
				ALWAYS_SEARCH_USER_PATHS = NO;
				CLANG_WARN_CONSTANT_CONVERSION = YES;
				CLANG_WARN_CXX0X_EXTENSIONS = YES;
				CLANG_WARN_EMPTY_BODY = YES;
				CLANG_WARN_ENUM_CONVERSION = YES;
				CLANG_WARN_INT_CONVERSION = YES;
				CLANG_WARN__DUPLICATE_METHOD_MATCH = YES;
				COPY_PHASE_STRIP = NO;
				GCC_INLINES_ARE_PRIVATE_EXTERN = YES;
				GCC_OPTIMIZATION_LEVEL = 0;
				GCC_PREPROCESSOR_DEFINITIONS = (
					"$(inherited)",
					"DEBUG=1",
					"BUILDING_SNOWCRASH=1",
				);
				GCC_SYMBOLS_PRIVATE_EXTERN = YES;
				GCC_WARN_64_TO_32_BIT_CONVERSION = YES;
				GCC_WARN_ABOUT_RETURN_TYPE = YES;
				GCC_WARN_SIGN_COMPARE = YES;
				GCC_WARN_UNINITIALIZED_AUTOS = YES;
				GCC_WARN_UNUSED_VARIABLE = YES;
				GENERATE_PROFILING_CODE = YES;
				MACOSX_DEPLOYMENT_TARGET = 10.8;
				ONLY_ACTIVE_ARCH = YES;
				SDKROOT = macosx;
			};
			name = Debug;
		};
		BBFF489B170B34E6001E5FB2 /* Release */ = {
			isa = XCBuildConfiguration;
			buildSettings = {
				ALWAYS_SEARCH_USER_PATHS = NO;
				CLANG_WARN_CONSTANT_CONVERSION = YES;
				CLANG_WARN_CXX0X_EXTENSIONS = YES;
				CLANG_WARN_EMPTY_BODY = YES;
				CLANG_WARN_ENUM_CONVERSION = YES;
				CLANG_WARN_INT_CONVERSION = YES;
				CLANG_WARN__DUPLICATE_METHOD_MATCH = YES;
				COPY_PHASE_STRIP = YES;
				DEBUG_INFORMATION_FORMAT = "dwarf-with-dsym";
				GCC_INLINES_ARE_PRIVATE_EXTERN = YES;
				GCC_OPTIMIZATION_LEVEL = 1;
				GCC_PREPROCESSOR_DEFINITIONS = (
					"$(inherited)",
					"BUILDING_SNOWCRASH=1",
				);
				GCC_SYMBOLS_PRIVATE_EXTERN = YES;
				GCC_WARN_64_TO_32_BIT_CONVERSION = YES;
				GCC_WARN_ABOUT_RETURN_TYPE = YES;
				GCC_WARN_SIGN_COMPARE = YES;
				GCC_WARN_UNINITIALIZED_AUTOS = YES;
				GCC_WARN_UNUSED_VARIABLE = YES;
				GENERATE_PROFILING_CODE = YES;
				MACOSX_DEPLOYMENT_TARGET = 10.8;
				SDKROOT = macosx;
			};
			name = Release;
		};
		BBFF489D170B34E6001E5FB2 /* Debug */ = {
			isa = XCBuildConfiguration;
			buildSettings = {
				EXECUTABLE_PREFIX = "";
				PRODUCT_NAME = "$(TARGET_NAME)";
			};
			name = Debug;
		};
		BBFF489E170B34E6001E5FB2 /* Release */ = {
			isa = XCBuildConfiguration;
			buildSettings = {
				EXECUTABLE_PREFIX = "";
				PRODUCT_NAME = "$(TARGET_NAME)";
			};
			name = Release;
		};
		BBFF48C7170B3C30001E5FB2 /* Debug */ = {
			isa = XCBuildConfiguration;
			buildSettings = {
				PRODUCT_NAME = "$(TARGET_NAME)";
				USER_HEADER_SEARCH_PATHS = "./test/**";
			};
			name = Debug;
		};
		BBFF48C8170B3C30001E5FB2 /* Release */ = {
			isa = XCBuildConfiguration;
			buildSettings = {
				PRODUCT_NAME = "$(TARGET_NAME)";
				USER_HEADER_SEARCH_PATHS = "./test/**";
			};
			name = Release;
		};
/* End XCBuildConfiguration section */

/* Begin XCConfigurationList section */
		BB05B9D6180448E300243E1B /* Build configuration list for PBXNativeTarget "perf-libsnowcrash" */ = {
			isa = XCConfigurationList;
			buildConfigurations = (
				BB05B9D4180448E300243E1B /* Debug */,
				BB05B9D5180448E300243E1B /* Release */,
			);
			defaultConfigurationIsVisible = 0;
			defaultConfigurationName = Release;
		};
		BBA2566F172BFE4C00C1AD5E /* Build configuration list for PBXNativeTarget "snowcrash" */ = {
			isa = XCConfigurationList;
			buildConfigurations = (
				BBA2566D172BFE4C00C1AD5E /* Debug */,
				BBA2566E172BFE4C00C1AD5E /* Release */,
			);
			defaultConfigurationIsVisible = 0;
			defaultConfigurationName = Release;
		};
		BBFF4893170B34E6001E5FB2 /* Build configuration list for PBXProject "snowcrash" */ = {
			isa = XCConfigurationList;
			buildConfigurations = (
				BBFF489A170B34E6001E5FB2 /* Debug */,
				BBFF489B170B34E6001E5FB2 /* Release */,
			);
			defaultConfigurationIsVisible = 0;
			defaultConfigurationName = Release;
		};
		BBFF489C170B34E6001E5FB2 /* Build configuration list for PBXNativeTarget "libsnowcrash" */ = {
			isa = XCConfigurationList;
			buildConfigurations = (
				BBFF489D170B34E6001E5FB2 /* Debug */,
				BBFF489E170B34E6001E5FB2 /* Release */,
			);
			defaultConfigurationIsVisible = 0;
			defaultConfigurationName = Release;
		};
		BBFF48C6170B3C30001E5FB2 /* Build configuration list for PBXNativeTarget "test-libsnowcrash" */ = {
			isa = XCConfigurationList;
			buildConfigurations = (
				BBFF48C7170B3C30001E5FB2 /* Debug */,
				BBFF48C8170B3C30001E5FB2 /* Release */,
			);
			defaultConfigurationIsVisible = 0;
			defaultConfigurationName = Release;
		};
/* End XCConfigurationList section */
	};
	rootObject = BBFF4890170B34E6001E5FB2 /* Project object */;
}
